// !$*UTF8*$!
{
	archiveVersion = 1;
	classes = {
	};
	objectVersion = 56;
	objects = {

/* Begin PBXBuildFile section */
		1WC0012F9FF867004091AA /* SexualHealthCoach.swift in Sources */ = {isa = PBXBuildFile; fileRef = 1WC0022F9FF867004091AA /* SexualHealthCoach.swift */; };
		1WC0032F9FF867004091AA /* SexualHealthCurriculum.swift in Sources */ = {isa = PBXBuildFile; fileRef = 1WC0042F9FF867004091AA /* SexualHealthCurriculum.swift */; };
		1WC0052F9FF867004091AA /* CyclePhaseCoachingDirective.swift in Sources */ = {isa = PBXBuildFile; fileRef = 1WC0062F9FF867004091AA /* CyclePhaseCoachingDirective.swift */; };
		1WC0072F9FF867004091AA /* BiologicalSexStepView.swift in Sources */ = {isa = PBXBuildFile; fileRef = 1WC0082F9FF867004091AA /* BiologicalSexStepView.swift */; };
		1WC0092F9FF867004091AA /* CycleLiveActivityAttributes.swift in Sources */ = {isa = PBXBuildFile; fileRef = 1WC00A2F9FF867004091AA /* CycleLiveActivityAttributes.swift */; };
		1WC00B2F9FF867004091AA /* CycleLiveActivityAttributes.swift in Sources */ = {isa = PBXBuildFile; fileRef = 1WC00A2F9FF867004091AA /* CycleLiveActivityAttributes.swift */; };
		1WC00C2F9FF867004091AA /* CycleFertileWindowLiveActivity.swift in Sources */ = {isa = PBXBuildFile; fileRef = 1WC00D2F9FF867004091AA /* CycleFertileWindowLiveActivity.swift */; };
		1WC00E2F9FF867004091AA /* CyclePhaseWidget.swift in Sources */ = {isa = PBXBuildFile; fileRef = 1WC00F2F9FF867004091AA /* CyclePhaseWidget.swift */; };
		1E0DCBA72FA476C600A9C6F3 /* AuroraOrbComponents.swift in Sources */ = {isa = PBXBuildFile; fileRef = 1E0DCBA62FA476C600A9C6F3 /* AuroraOrbComponents.swift */; };
		1E4DF70B2F9FAEEC004091AA /* MusicControllerFactory.swift in Sources */ = {isa = PBXBuildFile; fileRef = 1E4DF70A2F9FAEEC004091AA /* MusicControllerFactory.swift */; };
		1E4DF7162F9FF867004091AA /* HealthKitManager.swift in Sources */ = {isa = PBXBuildFile; fileRef = 1E4DF7152F9FF867004091AA /* HealthKitManager.swift */; };
		1EHKS0022F9FF867004091AA /* HealthKitSleepService.swift in Sources */ = {isa = PBXBuildFile; fileRef = 1EHKS0012F9FF867004091AA /* HealthKitSleepService.swift */; };
		1ARIA0022F9FF867004091AA /* AriaContext.swift in Sources */ = {isa = PBXBuildFile; fileRef = 1ARIA0012F9FF867004091AA /* AriaContext.swift */; };
		1ARIA0042F9FF867004091AA /* AriaResponse.swift in Sources */ = {isa = PBXBuildFile; fileRef = 1ARIA0032F9FF867004091AA /* AriaResponse.swift */; };
		1ARIA0062F9FF867004091AA /* AriaService.swift in Sources */ = {isa = PBXBuildFile; fileRef = 1ARIA0052F9FF867004091AA /* AriaService.swift */; };
		1ARIA0082F9FF867004091AA /* AriaContextStore.swift in Sources */ = {isa = PBXBuildFile; fileRef = 1ARIA0072F9FF867004091AA /* AriaContextStore.swift */; };
		1ARIA0102F9FF867004091AA /* FeedbackService.swift in Sources */ = {isa = PBXBuildFile; fileRef = 1ARIA0092F9FF867004091AA /* FeedbackService.swift */; };
		1ARIA0122F9FF867004091AA /* ContextInspectorView.swift in Sources */ = {isa = PBXBuildFile; fileRef = 1ARIA0112F9FF867004091AA /* ContextInspectorView.swift */; };
		1ARIA0142F9FF867004091AA /* ProactiveCardView.swift in Sources */ = {isa = PBXBuildFile; fileRef = 1ARIA0132F9FF867004091AA /* ProactiveCardView.swift */; };
		1ARIA0202F9FF867004091AA /* ARIAContextPayload.swift in Sources */ = {isa = PBXBuildFile; fileRef = 1ARIA0212F9FF867004091AA /* ARIAContextPayload.swift */; };
		1ARIA0222F9FF867004091AA /* AriaPermissions.swift in Sources */ = {isa = PBXBuildFile; fileRef = 1ARIA0232F9FF867004091AA /* AriaPermissions.swift */; };
		1ARIA0242F9FF867004091AA /* BiometricsObserveService.swift in Sources */ = {isa = PBXBuildFile; fileRef = 1ARIA0252F9FF867004091AA /* BiometricsObserveService.swift */; };
		1ARIA0262F9FF867004091AA /* Theme+Readiness.swift in Sources */ = {isa = PBXBuildFile; fileRef = 1ARIA0272F9FF867004091AA /* Theme+Readiness.swift */; };
		1ARIA0302F9FF867004091AA /* AriaTrainingTheme.swift in Sources */ = {isa = PBXBuildFile; fileRef = 1ARIA0312F9FF867004091AA /* AriaTrainingTheme.swift */; };
		1ARIA0322F9FF867004091AA /* AriaPlanEngine.swift in Sources */ = {isa = PBXBuildFile; fileRef = 1ARIA0332F9FF867004091AA /* AriaPlanEngine.swift */; };
		1ARIA0342F9FF867004091AA /* AriaVoiceEngine.swift in Sources */ = {isa = PBXBuildFile; fileRef = 1ARIA0352F9FF867004091AA /* AriaVoiceEngine.swift */; };
		1HCM0022F9FF867004091AA /* HomeCookedMeals.swift in Sources */ = {isa = PBXBuildFile; fileRef = 1HCM0012F9FF867004091AA /* HomeCookedMeals.swift */; };
		1HCV0022F9FF867004091AA /* HomeCookingView.swift in Sources */ = {isa = PBXBuildFile; fileRef = 1HCV0012F9FF867004091AA /* HomeCookingView.swift */; };
		1PAS0022F9FF867004091AA /* ProfileAvatarStore.swift in Sources */ = {isa = PBXBuildFile; fileRef = 1PAS0012F9FF867004091AA /* ProfileAvatarStore.swift */; };
		1ARIA0362F9FF867004091AA /* MenstrualCycleModels.swift in Sources */ = {isa = PBXBuildFile; fileRef = 1ARIA0372F9FF867004091AA /* MenstrualCycleModels.swift */; };
		1ARIA0382F9FF867004091AA /* MenstrualCycleEngine.swift in Sources */ = {isa = PBXBuildFile; fileRef = 1ARIA0392F9FF867004091AA /* MenstrualCycleEngine.swift */; };
		1ARIA0402F9FF867004091AA /* MenstrualHealthStore.swift in Sources */ = {isa = PBXBuildFile; fileRef = 1ARIA0412F9FF867004091AA /* MenstrualHealthStore.swift */; };
		1ARIA0422F9FF867004091AA /* Menstrual/MenstrualHealthView.swift in Sources */ = {isa = PBXBuildFile; fileRef = 1ARIA0432F9FF867004091AA /* Menstrual/MenstrualHealthView.swift */; };
		1ARIA0442F9FF867004091AA /* PartnerSupportCoach.swift in Sources */ = {isa = PBXBuildFile; fileRef = 1ARIA0452F9FF867004091AA /* PartnerSupportCoach.swift */; };
		1ARIA0462F9FF867004091AA /* AriaRelationalCoach.swift in Sources */ = {isa = PBXBuildFile; fileRef = 1ARIA0472F9FF867004091AA /* AriaRelationalCoach.swift */; };
		1ARIA0482F9FF867004091AA /* AriaEmotionalSupportCoach.swift in Sources */ = {isa = PBXBuildFile; fileRef = 1ARIA0492F9FF867004091AA /* AriaEmotionalSupportCoach.swift */; };
		1ARIA0502F9FF867004091AA /* AriaPersonAdaptation.swift in Sources */ = {isa = PBXBuildFile; fileRef = 1ARIA0512F9FF867004091AA /* AriaPersonAdaptation.swift */; };
		1ARIA0522F9FF867004091AA /* AriaPersonRegistry.swift in Sources */ = {isa = PBXBuildFile; fileRef = 1ARIA0532F9FF867004091AA /* AriaPersonRegistry.swift */; };
		1ARIA0542F9FF867004091AA /* AriaArchetypeStudio.swift in Sources */ = {isa = PBXBuildFile; fileRef = 1ARIA0552F9FF867004091AA /* AriaArchetypeStudio.swift */; };
		1ARIA0562F9FF867004091AA /* CyclePrivacy.swift in Sources */ = {isa = PBXBuildFile; fileRef = 1ARIA0572F9FF867004091AA /* CyclePrivacy.swift */; };
		1AUTH0012F9FF867004091AA /* AuthWelcomeView.swift in Sources */ = {isa = PBXBuildFile; fileRef = 1AUTH0022F9FF867004091AA /* AuthWelcomeView.swift */; };
		1AUTH0032F9FF867004091AA /* AuthSignInView.swift in Sources */ = {isa = PBXBuildFile; fileRef = 1AUTH0042F9FF867004091AA /* AuthSignInView.swift */; };
		1AUTH0052F9FF867004091AA /* AuthSignUpFlowView.swift in Sources */ = {isa = PBXBuildFile; fileRef = 1AUTH0062F9FF867004091AA /* AuthSignUpFlowView.swift */; };
		1CYC0012F9FF867004091AA /* CycleDataEvaluator.swift in Sources */ = {isa = PBXBuildFile; fileRef = 1CYC0022F9FF867004091AA /* CycleDataEvaluator.swift */; };
		1CYC0032F9FF867004091AA /* CycleAriaAnalyst.swift in Sources */ = {isa = PBXBuildFile; fileRef = 1CYC0042F9FF867004091AA /* CycleAriaAnalyst.swift */; };
		1E0DCBA72FA476C600A9C6F3 /* AuroraOrbComponents.swift in Sources */ = {isa = PBXBuildFile; fileRef = 1E0DCBA62FA476C600A9C6F3 /* AuroraOrbComponents.swift */; };
		1E44AFC830182A1F00D1C14D /* PeriodEndFeedbackView.swift in Sources */ = {isa = PBXBuildFile; fileRef = 1E44AFC730182A1F00D1C14D /* PeriodEndFeedbackView.swift */; };
		1E4DF70B2F9FAEEC004091AA /* MusicControllerFactory.swift in Sources */ = {isa = PBXBuildFile; fileRef = 1E4DF70A2F9FAEEC004091AA /* MusicControllerFactory.swift */; };
		1E4DF7162F9FF867004091AA /* HealthKitManager.swift in Sources */ = {isa = PBXBuildFile; fileRef = 1E4DF7152F9FF867004091AA /* HealthKitManager.swift */; };
		1E4DF7182F9FF889004091AA /* OnboardingHealthKitViews.swift in Sources */ = {isa = PBXBuildFile; fileRef = 1E4DF7172F9FF889004091AA /* OnboardingHealthKitViews.swift */; };
		1E4DF71A2F9FFA70004091AA /* OnboardingDataManager.swift in Sources */ = {isa = PBXBuildFile; fileRef = 1E4DF7192F9FFA70004091AA /* OnboardingDataManager.swift */; };
		1E4DF71C2F9FFAAA004091AA /* EnhancedDataConnectionView.swift in Sources */ = {isa = PBXBuildFile; fileRef = 1E4DF71B2F9FFAAA004091AA /* EnhancedDataConnectionView.swift */; };
		1E4DF71E2F9FFAE1004091AA /* SmartProfileSetupView.swift in Sources */ = {isa = PBXBuildFile; fileRef = 1E4DF71D2F9FFAE1004091AA /* SmartProfileSetupView.swift */; };
		1E7A68E62FA2FD6600B0DD08 /* ForgeDesignSystem.swift in Sources */ = {isa = PBXBuildFile; fileRef = 1E7A68E52FA2FD6500B0DD08 /* ForgeDesignSystem.swift */; };
		1E7A68E82FA31E6E00B0DD08 /* View+ForgeCardShadow.swift in Sources */ = {isa = PBXBuildFile; fileRef = 1E7A68E72FA31E6E00B0DD08 /* View+ForgeCardShadow.swift */; };
		1E86B2FF2FDC095F00B9DAEB /* OnboardingCoordinator.swift in Sources */ = {isa = PBXBuildFile; fileRef = 1E86B2FE2FDC095F00B9DAEB /* OnboardingCoordinator.swift */; };
		1E9C57122F915D9800F365E3 /* VoiceCoachManager.swift in Sources */ = {isa = PBXBuildFile; fileRef = 1E9C57112F915D9800F365E3 /* VoiceCoachManager.swift */; };
		1E9C57142F915DB900F365E3 /* VoiceCoachViews.swift in Sources */ = {isa = PBXBuildFile; fileRef = 1E9C57132F915DB900F365E3 /* VoiceCoachViews.swift */; };
		1E9C57162F91607F00F365E3 /* VoiceCoachIntegration.swift in Sources */ = {isa = PBXBuildFile; fileRef = 1E9C57152F91607F00F365E3 /* VoiceCoachIntegration.swift */; };
		1ED842E32F90C15300693D3E /* LifestyleView.swift in Sources */ = {isa = PBXBuildFile; fileRef = 1ED842E22F90C15300693D3E /* LifestyleView.swift */; };
		1EHKS0022F9FF867004091AA /* HealthKitSleepService.swift in Sources */ = {isa = PBXBuildFile; fileRef = 1EHKS0012F9FF867004091AA /* HealthKitSleepService.swift */; };
		1NAV012F9FF867004091AA /* ForgeNavigation.swift in Sources */ = {isa = PBXBuildFile; fileRef = 1NAV022F9FF867004091AA /* ForgeNavigation.swift */; };
		1WC0012F9FF867004091AA /* SexualHealthCoach.swift in Sources */ = {isa = PBXBuildFile; fileRef = 1WC0022F9FF867004091AA /* SexualHealthCoach.swift */; };
		1WC0032F9FF867004091AA /* SexualHealthCurriculum.swift in Sources */ = {isa = PBXBuildFile; fileRef = 1WC0042F9FF867004091AA /* SexualHealthCurriculum.swift */; };
		1WC0052F9FF867004091AA /* CyclePhaseCoachingDirective.swift in Sources */ = {isa = PBXBuildFile; fileRef = 1WC0062F9FF867004091AA /* CyclePhaseCoachingDirective.swift */; };
		1WC0072F9FF867004091AA /* BiologicalSexStepView.swift in Sources */ = {isa = PBXBuildFile; fileRef = 1WC0082F9FF867004091AA /* BiologicalSexStepView.swift */; };
		1WC0092F9FF867004091AA /* CycleLiveActivityAttributes.swift in Sources */ = {isa = PBXBuildFile; fileRef = 1WC00A2F9FF867004091AA /* CycleLiveActivityAttributes.swift */; };
		1WC00B2F9FF867004091AA /* CycleLiveActivityAttributes.swift in Sources */ = {isa = PBXBuildFile; fileRef = 1WC00A2F9FF867004091AA /* CycleLiveActivityAttributes.swift */; };
		1WC00C2F9FF867004091AA /* CycleFertileWindowLiveActivity.swift in Sources */ = {isa = PBXBuildFile; fileRef = 1WC00D2F9FF867004091AA /* CycleFertileWindowLiveActivity.swift */; };
		1WC00E2F9FF867004091AA /* CyclePhaseWidget.swift in Sources */ = {isa = PBXBuildFile; fileRef = 1WC00F2F9FF867004091AA /* CyclePhaseWidget.swift */; };
		1WC1012F9FF867004091AA /* CrossZoneConsistency.swift in Sources */ = {isa = PBXBuildFile; fileRef = 1WC1022F9FF867004091AA /* CrossZoneConsistency.swift */; };
		AA0001000000000000000001 /* ForgeSwiftApp.swift in Sources */ = {isa = PBXBuildFile; fileRef = AA0002000000000000000001 /* ForgeSwiftApp.swift */; };
		AA0001000000000000000002 /* Theme.swift in Sources */ = {isa = PBXBuildFile; fileRef = AA0002000000000000000002 /* Theme.swift */; };
		AA0001000000000000000003 /* Models.swift in Sources */ = {isa = PBXBuildFile; fileRef = AA0002000000000000000003 /* Models.swift */; };
		AA0001000000000000000004 /* AppStore.swift in Sources */ = {isa = PBXBuildFile; fileRef = AA0002000000000000000004 /* AppStore.swift */; };
		AA0001000000000000000005 /* ContentView.swift in Sources */ = {isa = PBXBuildFile; fileRef = AA0002000000000000000005 /* ContentView.swift */; };
		AA0001000000000000000006 /* OnboardingView.swift in Sources */ = {isa = PBXBuildFile; fileRef = AA0002000000000000000006 /* OnboardingView.swift */; };
		AA0001000000000000000007 /* HomeView.swift in Sources */ = {isa = PBXBuildFile; fileRef = AA0002000000000000000007 /* HomeView.swift */; };
		AA00010000000000000000A1 /* HomeAuroraBackground.swift in Sources */ = {isa = PBXBuildFile; fileRef = AA00020000000000000000A1 /* HomeAuroraBackground.swift */; };
		AA0001000000000000000008 /* ChatView.swift in Sources */ = {isa = PBXBuildFile; fileRef = AA0002000000000000000008 /* ChatView.swift */; };
		AA0001000000000000000009 /* WorkoutView.swift in Sources */ = {isa = PBXBuildFile; fileRef = AA0002000000000000000009 /* WorkoutView.swift */; };
		AA000100000000000000000A /* SleepView.swift in Sources */ = {isa = PBXBuildFile; fileRef = AA000200000000000000000A /* SleepView.swift */; };
		AA000100000000000000000B /* ProfileView.swift in Sources */ = {isa = PBXBuildFile; fileRef = AA000200000000000000000B /* ProfileView.swift */; };
		AA000100000000000000000C /* Assets.xcassets in Resources */ = {isa = PBXBuildFile; fileRef = AA000200000000000000000C /* Assets.xcassets */; };
		F0B100000000000000000001 /* ForgeWatchApp.swift in Sources */ = {isa = PBXBuildFile; fileRef = F0F100000000000000000001 /* ForgeWatchApp.swift */; };
		F0B100000000000000000002 /* HomeView.swift in Sources */ = {isa = PBXBuildFile; fileRef = F0F100000000000000000002 /* HomeView.swift */; };
		F0B100000000000000000003 /* MindfulnessView.swift in Sources */ = {isa = PBXBuildFile; fileRef = F0F100000000000000000003 /* MindfulnessView.swift */; };
		F0B100000000000000000004 /* LifestyleContextView.swift in Sources */ = {isa = PBXBuildFile; fileRef = F0F100000000000000000004 /* LifestyleContextView.swift */; };
		F0B100000000000000000005 /* AuroraOrbWatch.swift in Sources */ = {isa = PBXBuildFile; fileRef = F0F100000000000000000005 /* AuroraOrbWatch.swift */; };
		F0B100000000000000000006 /* BreathingOrb.swift in Sources */ = {isa = PBXBuildFile; fileRef = F0F100000000000000000006 /* BreathingOrb.swift */; };
		F0B100000000000000000007 /* ReadinessRing.swift in Sources */ = {isa = PBXBuildFile; fileRef = F0F100000000000000000007 /* ReadinessRing.swift */; };
		F0B100000000000000000008 /* ContextCard.swift in Sources */ = {isa = PBXBuildFile; fileRef = F0F100000000000000000008 /* ContextCard.swift */; };
		F0B100000000000000000009 /* HapticButton.swift in Sources */ = {isa = PBXBuildFile; fileRef = F0F100000000000000000009 /* HapticButton.swift */; };
		F0B10000000000000000000A /* WatchHealthKitManager.swift in Sources */ = {isa = PBXBuildFile; fileRef = F0F10000000000000000000A /* WatchHealthKitManager.swift */; };
		F0B10000000000000000000B /* ContextEngine.swift in Sources */ = {isa = PBXBuildFile; fileRef = F0F10000000000000000000B /* ContextEngine.swift */; };
		F0B10000000000000000000C /* MindfulnessSessionManager.swift in Sources */ = {isa = PBXBuildFile; fileRef = F0F10000000000000000000C /* MindfulnessSessionManager.swift */; };
		F0B10000000000000000000D /* ARIAWatchService.swift in Sources */ = {isa = PBXBuildFile; fileRef = F0F10000000000000000000D /* ARIAWatchService.swift */; };
		F0B10000000000000000000F /* Assets.xcassets in Resources */ = {isa = PBXBuildFile; fileRef = F0F10000000000000000000F /* Assets.xcassets */; };
		F0B100000000000000000010 /* ForgeWatchWidgetBundle.swift in Sources */ = {isa = PBXBuildFile; fileRef = F0F100000000000000000010 /* ForgeWatchWidgetBundle.swift */; };
		F0B100000000000000000011 /* ComplicationProvider.swift in Sources */ = {isa = PBXBuildFile; fileRef = F0F100000000000000000011 /* ComplicationProvider.swift */; };
		F0B100000000000000000012 /* ReadinessComplication.swift in Sources */ = {isa = PBXBuildFile; fileRef = F0F100000000000000000012 /* ReadinessComplication.swift */; };
		F0B100000000000000000013 /* MindfulnessResetComplication.swift in Sources */ = {isa = PBXBuildFile; fileRef = F0F100000000000000000013 /* MindfulnessResetComplication.swift */; };
		F0B100000000000000000014 /* SleepQualityComplication.swift in Sources */ = {isa = PBXBuildFile; fileRef = F0F100000000000000000014 /* SleepQualityComplication.swift */; };
		F0B10000000000000000001A /* WorkoutSessionManager.swift in Sources */ = {isa = PBXBuildFile; fileRef = F0F10000000000000000001A /* WorkoutSessionManager.swift */; };
		F0B10000000000000000001B /* PhoneLinkService.swift in Sources */ = {isa = PBXBuildFile; fileRef = F0F10000000000000000001B /* PhoneLinkService.swift */; };
		F0B10000000000000000001C /* WorkoutCoordinatorView.swift in Sources */ = {isa = PBXBuildFile; fileRef = F0F10000000000000000001C /* WorkoutCoordinatorView.swift */; };
		F0B10000000000000000001D /* ActiveWorkoutComplication.swift in Sources */ = {isa = PBXBuildFile; fileRef = F0F10000000000000000001D /* ActiveWorkoutComplication.swift */; };
		F0B10000000000000000001E /* ForgeWorkoutActivityAttributes.swift in Sources */ = {isa = PBXBuildFile; fileRef = F0F10000000000000000001E /* ForgeWorkoutActivityAttributes.swift */; };
		F0B10000000000000000001F /* ForgeWorkoutLiveActivity.swift in Sources */ = {isa = PBXBuildFile; fileRef = F0F10000000000000000001F /* ForgeWorkoutLiveActivity.swift */; };
		F0B100000000000000000020 /* ForgeCore in Frameworks */ = {isa = PBXBuildFile; productRef = F0F200000000000000000001 /* ForgeCore */; };
		F0B100000000000000000021 /* ForgeCore in Frameworks */ = {isa = PBXBuildFile; productRef = F0F200000000000000000002 /* ForgeCore */; };
		F0B100000000000000000022 /* ForgeWatchWidgets.appex in Embed Foundation Extensions */ = {isa = PBXBuildFile; fileRef = F0F100000000000000000019 /* ForgeWatchWidgets.appex */; settings = {ATTRIBUTES = (RemoveHeadersOnCopy, ); }; };
		F0B100000000000000000023 /* ForgeWatch.app in Embed Watch Content */ = {isa = PBXBuildFile; fileRef = F0F100000000000000000018 /* ForgeWatch.app */; settings = {ATTRIBUTES = (RemoveHeadersOnCopy, ); }; };
		F0B10000000000000000002E /* ForgeWorkoutActivityAttributes.swift in Sources */ = {isa = PBXBuildFile; fileRef = F0F10000000000000000001E /* ForgeWorkoutActivityAttributes.swift */; };
		F0B10000000000000000002F /* ForgeWidgetExtensionBundle.swift in Sources */ = {isa = PBXBuildFile; fileRef = F0F100000000000000000020 /* ForgeWidgetExtensionBundle.swift */; };
		F0B100000000000000000030 /* WorkoutActivityCoordinator.swift in Sources */ = {isa = PBXBuildFile; fileRef = F0F100000000000000000023 /* WorkoutActivityCoordinator.swift */; };
		F0B100000000000000000031 /* LifestyleWidget.swift in Sources */ = {isa = PBXBuildFile; fileRef = F0F100000000000000000024 /* LifestyleWidget.swift */; };
		F0B100000000000000000032 /* ForgeCore in Frameworks */ = {isa = PBXBuildFile; productRef = F0F200000000000000000003 /* ForgeCore */; };
		F0B100000000000000000033 /* ForgeCore in Frameworks */ = {isa = PBXBuildFile; productRef = F0F200000000000000000004 /* ForgeCore */; };
		F0B100000000000000000034 /* ForgeWidgetExtension.appex in Embed Foundation Extensions */ = {isa = PBXBuildFile; fileRef = F0F100000000000000000025 /* ForgeWidgetExtension.appex */; settings = {ATTRIBUTES = (RemoveHeadersOnCopy, ); }; };
		F0B100000000000000000035 /* SleepSummaryView.swift in Sources */ = {isa = PBXBuildFile; fileRef = F0F100000000000000000026 /* SleepSummaryView.swift */; };
		F0B100000000000000000036 /* KnownPlacesStore.swift in Sources */ = {isa = PBXBuildFile; fileRef = F0F100000000000000000027 /* KnownPlacesStore.swift */; };
		F0B100000000000000000037 /* WindDownScheduler.swift in Sources */ = {isa = PBXBuildFile; fileRef = F0F100000000000000000028 /* WindDownScheduler.swift */; };
		F0B100000000000000000038 /* OnboardingView.swift in Sources */ = {isa = PBXBuildFile; fileRef = F0F100000000000000000029 /* OnboardingView.swift */; };
		F0B100000000000000000039 /* WatchAriaConfigBridge.swift in Sources */ = {isa = PBXBuildFile; fileRef = F0F10000000000000000002A /* WatchAriaConfigBridge.swift */; };
		F0F1000000000000000000A1 /* LifestyleTargets.swift in Sources */ = {isa = PBXBuildFile; fileRef = F0F1000000000000000000A2 /* LifestyleTargets.swift */; };
		FWNSCHED02 /* ForgeNotificationScheduler.swift in Sources */ = {isa = PBXBuildFile; fileRef = FWNSCHED01 /* ForgeNotificationScheduler.swift */; };
		FWSETED02 /* SettingsEditorViews.swift in Sources */ = {isa = PBXBuildFile; fileRef = FWSETED01 /* SettingsEditorViews.swift */; };
/* End PBXBuildFile section */

/* Begin PBXContainerItemProxy section */
		F0C200000000000000000001 /* PBXContainerItemProxy */ = {
			isa = PBXContainerItemProxy;
			containerPortal = AA0008000000000000000001 /* Project object */;
			proxyType = 1;
			remoteGlobalIDString = F0C100000000000000000002;
			remoteInfo = ForgeWatchWidgets;
		};
		F0C200000000000000000002 /* PBXContainerItemProxy */ = {
			isa = PBXContainerItemProxy;
			containerPortal = AA0008000000000000000001 /* Project object */;
			proxyType = 1;
			remoteGlobalIDString = F0C100000000000000000001;
			remoteInfo = ForgeWatch;
		};
		F0C200000000000000000003 /* PBXContainerItemProxy */ = {
			isa = PBXContainerItemProxy;
			containerPortal = AA0008000000000000000001 /* Project object */;
			proxyType = 1;
			remoteGlobalIDString = F0C100000000000000000003;
			remoteInfo = ForgeWidgetExtension;
		};
/* End PBXContainerItemProxy section */

/* Begin PBXCopyFilesBuildPhase section */
		F0D100000000000000000004 /* Embed Foundation Extensions */ = {
			isa = PBXCopyFilesBuildPhase;
			buildActionMask = 2147483647;
			dstPath = "";
			dstSubfolderSpec = 13;
			files = (
				F0B100000000000000000022 /* ForgeWatchWidgets.appex in Embed Foundation Extensions */,
			);
			name = "Embed Foundation Extensions";
			runOnlyForDeploymentPostprocessing = 0;
		};
		F0D100000000000000000008 /* Embed Watch Content */ = {
			isa = PBXCopyFilesBuildPhase;
			buildActionMask = 2147483647;
			dstPath = "";
			dstSubfolderSpec = 16;
			files = (
				F0B100000000000000000023 /* ForgeWatch.app in Embed Watch Content */,
			);
			name = "Embed Watch Content";
			runOnlyForDeploymentPostprocessing = 0;
		};
		F0D10000000000000000000C /* Embed Foundation Extensions */ = {
			isa = PBXCopyFilesBuildPhase;
			buildActionMask = 2147483647;
			dstPath = "";
			dstSubfolderSpec = 13;
			files = (
				F0B100000000000000000034 /* ForgeWidgetExtension.appex in Embed Foundation Extensions */,
			);
			name = "Embed Foundation Extensions";
			runOnlyForDeploymentPostprocessing = 0;
		};
/* End PBXCopyFilesBuildPhase section */

/* Begin PBXFileReference section */
		1WC0022F9FF867004091AA /* SexualHealthCoach.swift */ = {isa = PBXFileReference; lastKnownFileType = sourcecode.swift; path = SexualHealthCoach.swift; sourceTree = "<group>"; };
		1WC0042F9FF867004091AA /* SexualHealthCurriculum.swift */ = {isa = PBXFileReference; lastKnownFileType = sourcecode.swift; path = SexualHealthCurriculum.swift; sourceTree = "<group>"; };
		1WC0062F9FF867004091AA /* CyclePhaseCoachingDirective.swift */ = {isa = PBXFileReference; lastKnownFileType = sourcecode.swift; path = CyclePhaseCoachingDirective.swift; sourceTree = "<group>"; };
		1WC0082F9FF867004091AA /* BiologicalSexStepView.swift */ = {isa = PBXFileReference; lastKnownFileType = sourcecode.swift; path = BiologicalSexStepView.swift; sourceTree = "<group>"; };
		1WC00A2F9FF867004091AA /* CycleLiveActivityAttributes.swift */ = {isa = PBXFileReference; lastKnownFileType = sourcecode.swift; path = CycleLiveActivityAttributes.swift; sourceTree = "<group>"; };
		1WC00D2F9FF867004091AA /* CycleFertileWindowLiveActivity.swift */ = {isa = PBXFileReference; lastKnownFileType = sourcecode.swift; path = CycleFertileWindowLiveActivity.swift; sourceTree = "<group>"; };
		1WC00F2F9FF867004091AA /* CyclePhaseWidget.swift */ = {isa = PBXFileReference; lastKnownFileType = sourcecode.swift; path = CyclePhaseWidget.swift; sourceTree = "<group>"; };
		1E0DCBA62FA476C600A9C6F3 /* AuroraOrbComponents.swift */ = {isa = PBXFileReference; lastKnownFileType = sourcecode.swift; path = AuroraOrbComponents.swift; sourceTree = "<group>"; };
		1E4DF70A2F9FAEEC004091AA /* MusicControllerFactory.swift */ = {isa = PBXFileReference; fileEncoding = 4; lastKnownFileType = sourcecode.swift; path = MusicControllerFactory.swift; sourceTree = SOURCE_ROOT; };
		1E4DF70C2F9FEC33004091AA /* ForgeSwift.entitlements */ = {isa = PBXFileReference; lastKnownFileType = text.plist.entitlements; path = ForgeSwift.entitlements; sourceTree = "<group>"; };
		1E4DF7152F9FF867004091AA /* HealthKitManager.swift */ = {isa = PBXFileReference; lastKnownFileType = sourcecode.swift; path = HealthKitManager.swift; sourceTree = "<group>"; };
		1EHKS0012F9FF867004091AA /* HealthKitSleepService.swift */ = {isa = PBXFileReference; lastKnownFileType = sourcecode.swift; path = HealthKitSleepService.swift; sourceTree = "<group>"; };
		1ARIA0012F9FF867004091AA /* AriaContext.swift */ = {isa = PBXFileReference; lastKnownFileType = sourcecode.swift; path = AriaContext.swift; sourceTree = "<group>"; };
		1ARIA0032F9FF867004091AA /* AriaResponse.swift */ = {isa = PBXFileReference; lastKnownFileType = sourcecode.swift; path = AriaResponse.swift; sourceTree = "<group>"; };
		1ARIA0052F9FF867004091AA /* AriaService.swift */ = {isa = PBXFileReference; lastKnownFileType = sourcecode.swift; path = AriaService.swift; sourceTree = "<group>"; };
		1ARIA0072F9FF867004091AA /* AriaContextStore.swift */ = {isa = PBXFileReference; lastKnownFileType = sourcecode.swift; path = AriaContextStore.swift; sourceTree = "<group>"; };
		1ARIA0092F9FF867004091AA /* FeedbackService.swift */ = {isa = PBXFileReference; lastKnownFileType = sourcecode.swift; path = FeedbackService.swift; sourceTree = "<group>"; };
		1ARIA0112F9FF867004091AA /* ContextInspectorView.swift */ = {isa = PBXFileReference; lastKnownFileType = sourcecode.swift; path = ContextInspectorView.swift; sourceTree = "<group>"; };
		1ARIA0132F9FF867004091AA /* ProactiveCardView.swift */ = {isa = PBXFileReference; lastKnownFileType = sourcecode.swift; path = ProactiveCardView.swift; sourceTree = "<group>"; };
		1ARIA0212F9FF867004091AA /* ARIAContextPayload.swift */ = {isa = PBXFileReference; lastKnownFileType = sourcecode.swift; path = ARIAContextPayload.swift; sourceTree = "<group>"; };
		1ARIA0232F9FF867004091AA /* AriaPermissions.swift */ = {isa = PBXFileReference; lastKnownFileType = sourcecode.swift; path = AriaPermissions.swift; sourceTree = "<group>"; };
		1ARIA0252F9FF867004091AA /* BiometricsObserveService.swift */ = {isa = PBXFileReference; lastKnownFileType = sourcecode.swift; path = BiometricsObserveService.swift; sourceTree = "<group>"; };
		1ARIA0272F9FF867004091AA /* Theme+Readiness.swift */ = {isa = PBXFileReference; lastKnownFileType = sourcecode.swift; path = "Theme+Readiness.swift"; sourceTree = "<group>"; };
		1ARIA0312F9FF867004091AA /* AriaTrainingTheme.swift */ = {isa = PBXFileReference; lastKnownFileType = sourcecode.swift; path = AriaTrainingTheme.swift; sourceTree = "<group>"; };
		1ARIA0332F9FF867004091AA /* AriaPlanEngine.swift */ = {isa = PBXFileReference; lastKnownFileType = sourcecode.swift; path = AriaPlanEngine.swift; sourceTree = "<group>"; };
		1ARIA0352F9FF867004091AA /* AriaVoiceEngine.swift */ = {isa = PBXFileReference; lastKnownFileType = sourcecode.swift; path = AriaVoiceEngine.swift; sourceTree = "<group>"; };
		1HCM0012F9FF867004091AA /* HomeCookedMeals.swift */ = {isa = PBXFileReference; lastKnownFileType = sourcecode.swift; path = HomeCookedMeals.swift; sourceTree = "<group>"; };
		1HCV0012F9FF867004091AA /* HomeCookingView.swift */ = {isa = PBXFileReference; lastKnownFileType = sourcecode.swift; path = HomeCookingView.swift; sourceTree = "<group>"; };
		1PAS0012F9FF867004091AA /* ProfileAvatarStore.swift */ = {isa = PBXFileReference; lastKnownFileType = sourcecode.swift; path = ProfileAvatarStore.swift; sourceTree = "<group>"; };
		1ARIA0372F9FF867004091AA /* MenstrualCycleModels.swift */ = {isa = PBXFileReference; lastKnownFileType = sourcecode.swift; path = MenstrualCycleModels.swift; sourceTree = "<group>"; };
		1ARIA0392F9FF867004091AA /* MenstrualCycleEngine.swift */ = {isa = PBXFileReference; lastKnownFileType = sourcecode.swift; path = MenstrualCycleEngine.swift; sourceTree = "<group>"; };
		1ARIA0412F9FF867004091AA /* MenstrualHealthStore.swift */ = {isa = PBXFileReference; lastKnownFileType = sourcecode.swift; path = MenstrualHealthStore.swift; sourceTree = "<group>"; };
		1ARIA0432F9FF867004091AA /* Menstrual/MenstrualHealthView.swift */ = {isa = PBXFileReference; lastKnownFileType = sourcecode.swift; path = Menstrual/MenstrualHealthView.swift; sourceTree = "<group>"; };
		1ARIA0452F9FF867004091AA /* PartnerSupportCoach.swift */ = {isa = PBXFileReference; lastKnownFileType = sourcecode.swift; path = PartnerSupportCoach.swift; sourceTree = "<group>"; };
		1ARIA0472F9FF867004091AA /* AriaRelationalCoach.swift */ = {isa = PBXFileReference; lastKnownFileType = sourcecode.swift; path = AriaRelationalCoach.swift; sourceTree = "<group>"; };
		1ARIA0492F9FF867004091AA /* AriaEmotionalSupportCoach.swift */ = {isa = PBXFileReference; lastKnownFileType = sourcecode.swift; path = AriaEmotionalSupportCoach.swift; sourceTree = "<group>"; };
		1ARIA0512F9FF867004091AA /* AriaPersonAdaptation.swift */ = {isa = PBXFileReference; lastKnownFileType = sourcecode.swift; path = AriaPersonAdaptation.swift; sourceTree = "<group>"; };
		1ARIA0532F9FF867004091AA /* AriaPersonRegistry.swift */ = {isa = PBXFileReference; lastKnownFileType = sourcecode.swift; path = AriaPersonRegistry.swift; sourceTree = "<group>"; };
		1ARIA0552F9FF867004091AA /* AriaArchetypeStudio.swift */ = {isa = PBXFileReference; lastKnownFileType = sourcecode.swift; path = AriaArchetypeStudio.swift; sourceTree = "<group>"; };
		1ARIA0572F9FF867004091AA /* CyclePrivacy.swift */ = {isa = PBXFileReference; lastKnownFileType = sourcecode.swift; path = CyclePrivacy.swift; sourceTree = "<group>"; };
		1AUTH0022F9FF867004091AA /* AuthWelcomeView.swift */ = {isa = PBXFileReference; lastKnownFileType = sourcecode.swift; path = AuthWelcomeView.swift; sourceTree = "<group>"; };
		1AUTH0042F9FF867004091AA /* AuthSignInView.swift */ = {isa = PBXFileReference; lastKnownFileType = sourcecode.swift; path = AuthSignInView.swift; sourceTree = "<group>"; };
		1AUTH0062F9FF867004091AA /* AuthSignUpFlowView.swift */ = {isa = PBXFileReference; lastKnownFileType = sourcecode.swift; path = AuthSignUpFlowView.swift; sourceTree = "<group>"; };
		1CYC0022F9FF867004091AA /* CycleDataEvaluator.swift */ = {isa = PBXFileReference; lastKnownFileType = sourcecode.swift; path = CycleDataEvaluator.swift; sourceTree = "<group>"; };
		1CYC0042F9FF867004091AA /* CycleAriaAnalyst.swift */ = {isa = PBXFileReference; lastKnownFileType = sourcecode.swift; path = CycleAriaAnalyst.swift; sourceTree = "<group>"; };
		1E0DCBA62FA476C600A9C6F3 /* AuroraOrbComponents.swift */ = {isa = PBXFileReference; lastKnownFileType = sourcecode.swift; path = AuroraOrbComponents.swift; sourceTree = "<group>"; };
		1E44AFC730182A1F00D1C14D /* PeriodEndFeedbackView.swift */ = {isa = PBXFileReference; lastKnownFileType = sourcecode.swift; path = PeriodEndFeedbackView.swift; sourceTree = "<group>"; };
		1E4DF70A2F9FAEEC004091AA /* MusicControllerFactory.swift */ = {isa = PBXFileReference; fileEncoding = 4; lastKnownFileType = sourcecode.swift; path = MusicControllerFactory.swift; sourceTree = SOURCE_ROOT; };
		1E4DF70C2F9FEC33004091AA /* ForgeSwift.entitlements */ = {isa = PBXFileReference; lastKnownFileType = text.plist.entitlements; path = ForgeSwift.entitlements; sourceTree = "<group>"; };
		1E4DF7152F9FF867004091AA /* HealthKitManager.swift */ = {isa = PBXFileReference; lastKnownFileType = sourcecode.swift; path = HealthKitManager.swift; sourceTree = "<group>"; };
		1E4DF7172F9FF889004091AA /* OnboardingHealthKitViews.swift */ = {isa = PBXFileReference; lastKnownFileType = sourcecode.swift; path = OnboardingHealthKitViews.swift; sourceTree = "<group>"; };
		1E4DF7192F9FFA70004091AA /* OnboardingDataManager.swift */ = {isa = PBXFileReference; lastKnownFileType = sourcecode.swift; path = OnboardingDataManager.swift; sourceTree = "<group>"; };
		1E4DF71B2F9FFAAA004091AA /* EnhancedDataConnectionView.swift */ = {isa = PBXFileReference; lastKnownFileType = sourcecode.swift; path = EnhancedDataConnectionView.swift; sourceTree = "<group>"; };
		1E4DF71D2F9FFAE1004091AA /* SmartProfileSetupView.swift */ = {isa = PBXFileReference; lastKnownFileType = sourcecode.swift; path = SmartProfileSetupView.swift; sourceTree = "<group>"; };
		1E7A68E52FA2FD6500B0DD08 /* ForgeDesignSystem.swift */ = {isa = PBXFileReference; lastKnownFileType = sourcecode.swift; path = ForgeDesignSystem.swift; sourceTree = "<group>"; };
		1E7A68E72FA31E6E00B0DD08 /* View+ForgeCardShadow.swift */ = {isa = PBXFileReference; lastKnownFileType = sourcecode.swift; path = "View+ForgeCardShadow.swift"; sourceTree = "<group>"; };
		1E86B2FE2FDC095F00B9DAEB /* OnboardingCoordinator.swift */ = {isa = PBXFileReference; lastKnownFileType = sourcecode.swift; path = OnboardingCoordinator.swift; sourceTree = "<group>"; };
		1E9C57112F915D9800F365E3 /* VoiceCoachManager.swift */ = {isa = PBXFileReference; lastKnownFileType = sourcecode.swift; path = VoiceCoachManager.swift; sourceTree = "<group>"; };
		1E9C57132F915DB900F365E3 /* VoiceCoachViews.swift */ = {isa = PBXFileReference; lastKnownFileType = sourcecode.swift; path = VoiceCoachViews.swift; sourceTree = "<group>"; };
		1E9C57152F91607F00F365E3 /* VoiceCoachIntegration.swift */ = {isa = PBXFileReference; lastKnownFileType = sourcecode.swift; path = VoiceCoachIntegration.swift; sourceTree = "<group>"; };
		1ED842E22F90C15300693D3E /* LifestyleView.swift */ = {isa = PBXFileReference; lastKnownFileType = sourcecode.swift; path = LifestyleView.swift; sourceTree = "<group>"; };
		1EHKS0012F9FF867004091AA /* HealthKitSleepService.swift */ = {isa = PBXFileReference; lastKnownFileType = sourcecode.swift; path = HealthKitSleepService.swift; sourceTree = "<group>"; };
		1NAV022F9FF867004091AA /* ForgeNavigation.swift */ = {isa = PBXFileReference; lastKnownFileType = sourcecode.swift; path = ForgeNavigation.swift; sourceTree = "<group>"; };
		1WC0022F9FF867004091AA /* SexualHealthCoach.swift */ = {isa = PBXFileReference; lastKnownFileType = sourcecode.swift; path = SexualHealthCoach.swift; sourceTree = "<group>"; };
		1WC0042F9FF867004091AA /* SexualHealthCurriculum.swift */ = {isa = PBXFileReference; lastKnownFileType = sourcecode.swift; path = SexualHealthCurriculum.swift; sourceTree = "<group>"; };
		1WC0062F9FF867004091AA /* CyclePhaseCoachingDirective.swift */ = {isa = PBXFileReference; lastKnownFileType = sourcecode.swift; path = CyclePhaseCoachingDirective.swift; sourceTree = "<group>"; };
		1WC0082F9FF867004091AA /* BiologicalSexStepView.swift */ = {isa = PBXFileReference; lastKnownFileType = sourcecode.swift; path = BiologicalSexStepView.swift; sourceTree = "<group>"; };
		1WC00A2F9FF867004091AA /* CycleLiveActivityAttributes.swift */ = {isa = PBXFileReference; lastKnownFileType = sourcecode.swift; path = CycleLiveActivityAttributes.swift; sourceTree = "<group>"; };
		1WC00D2F9FF867004091AA /* CycleFertileWindowLiveActivity.swift */ = {isa = PBXFileReference; lastKnownFileType = sourcecode.swift; path = CycleFertileWindowLiveActivity.swift; sourceTree = "<group>"; };
		1WC00F2F9FF867004091AA /* CyclePhaseWidget.swift */ = {isa = PBXFileReference; lastKnownFileType = sourcecode.swift; path = CyclePhaseWidget.swift; sourceTree = "<group>"; };
		1WC1022F9FF867004091AA /* CrossZoneConsistency.swift */ = {isa = PBXFileReference; lastKnownFileType = sourcecode.swift; path = CrossZoneConsistency.swift; sourceTree = "<group>"; };
		AA0002000000000000000001 /* ForgeSwiftApp.swift */ = {isa = PBXFileReference; lastKnownFileType = sourcecode.swift; path = ForgeSwiftApp.swift; sourceTree = "<group>"; };
		AA0002000000000000000002 /* Theme.swift */ = {isa = PBXFileReference; lastKnownFileType = sourcecode.swift; path = Theme.swift; sourceTree = "<group>"; };
		AA0002000000000000000003 /* Models.swift */ = {isa = PBXFileReference; lastKnownFileType = sourcecode.swift; path = Models.swift; sourceTree = "<group>"; };
		AA0002000000000000000004 /* AppStore.swift */ = {isa = PBXFileReference; lastKnownFileType = sourcecode.swift; path = AppStore.swift; sourceTree = "<group>"; };
		AA0002000000000000000005 /* ContentView.swift */ = {isa = PBXFileReference; lastKnownFileType = sourcecode.swift; path = ContentView.swift; sourceTree = "<group>"; };
		AA0002000000000000000006 /* OnboardingView.swift */ = {isa = PBXFileReference; lastKnownFileType = sourcecode.swift; path = OnboardingView.swift; sourceTree = "<group>"; };
		AA0002000000000000000007 /* HomeView.swift */ = {isa = PBXFileReference; lastKnownFileType = sourcecode.swift; path = HomeView.swift; sourceTree = "<group>"; };
		AA00020000000000000000A1 /* HomeAuroraBackground.swift */ = {isa = PBXFileReference; lastKnownFileType = sourcecode.swift; path = HomeAuroraBackground.swift; sourceTree = "<group>"; };
		AA0002000000000000000008 /* ChatView.swift */ = {isa = PBXFileReference; lastKnownFileType = sourcecode.swift; path = ChatView.swift; sourceTree = "<group>"; };
		AA0002000000000000000009 /* WorkoutView.swift */ = {isa = PBXFileReference; lastKnownFileType = sourcecode.swift; path = WorkoutView.swift; sourceTree = "<group>"; };
		AA000200000000000000000A /* SleepView.swift */ = {isa = PBXFileReference; lastKnownFileType = sourcecode.swift; path = SleepView.swift; sourceTree = "<group>"; };
		AA000200000000000000000B /* ProfileView.swift */ = {isa = PBXFileReference; lastKnownFileType = sourcecode.swift; path = ProfileView.swift; sourceTree = "<group>"; };
		AA000200000000000000000C /* Assets.xcassets */ = {isa = PBXFileReference; lastKnownFileType = folder.assetcatalog; path = Assets.xcassets; sourceTree = "<group>"; };
		AA000200000000000000000D /* ForgeSwift.app */ = {isa = PBXFileReference; explicitFileType = wrapper.application; includeInIndex = 0; path = ForgeSwift.app; sourceTree = BUILT_PRODUCTS_DIR; };
		F0F100000000000000000001 /* ForgeWatchApp.swift */ = {isa = PBXFileReference; lastKnownFileType = sourcecode.swift; path = ForgeWatchApp.swift; sourceTree = "<group>"; };
		F0F100000000000000000002 /* HomeView.swift */ = {isa = PBXFileReference; lastKnownFileType = sourcecode.swift; path = HomeView.swift; sourceTree = "<group>"; };
		F0F100000000000000000003 /* MindfulnessView.swift */ = {isa = PBXFileReference; lastKnownFileType = sourcecode.swift; path = MindfulnessView.swift; sourceTree = "<group>"; };
		F0F100000000000000000004 /* LifestyleContextView.swift */ = {isa = PBXFileReference; lastKnownFileType = sourcecode.swift; path = LifestyleContextView.swift; sourceTree = "<group>"; };
		F0F100000000000000000005 /* AuroraOrbWatch.swift */ = {isa = PBXFileReference; lastKnownFileType = sourcecode.swift; path = AuroraOrbWatch.swift; sourceTree = "<group>"; };
		F0F100000000000000000006 /* BreathingOrb.swift */ = {isa = PBXFileReference; lastKnownFileType = sourcecode.swift; path = BreathingOrb.swift; sourceTree = "<group>"; };
		F0F100000000000000000007 /* ReadinessRing.swift */ = {isa = PBXFileReference; lastKnownFileType = sourcecode.swift; path = ReadinessRing.swift; sourceTree = "<group>"; };
		F0F100000000000000000008 /* ContextCard.swift */ = {isa = PBXFileReference; lastKnownFileType = sourcecode.swift; path = ContextCard.swift; sourceTree = "<group>"; };
		F0F100000000000000000009 /* HapticButton.swift */ = {isa = PBXFileReference; lastKnownFileType = sourcecode.swift; path = HapticButton.swift; sourceTree = "<group>"; };
		F0F10000000000000000000A /* WatchHealthKitManager.swift */ = {isa = PBXFileReference; lastKnownFileType = sourcecode.swift; path = WatchHealthKitManager.swift; sourceTree = "<group>"; };
		F0F10000000000000000000B /* ContextEngine.swift */ = {isa = PBXFileReference; lastKnownFileType = sourcecode.swift; path = ContextEngine.swift; sourceTree = "<group>"; };
		F0F10000000000000000000C /* MindfulnessSessionManager.swift */ = {isa = PBXFileReference; lastKnownFileType = sourcecode.swift; path = MindfulnessSessionManager.swift; sourceTree = "<group>"; };
		F0F10000000000000000000D /* ARIAWatchService.swift */ = {isa = PBXFileReference; lastKnownFileType = sourcecode.swift; path = ARIAWatchService.swift; sourceTree = "<group>"; };
		F0F10000000000000000000E /* ForgeWatch.entitlements */ = {isa = PBXFileReference; lastKnownFileType = text.plist.entitlements; path = ForgeWatch.entitlements; sourceTree = "<group>"; };
		F0F10000000000000000000F /* Assets.xcassets */ = {isa = PBXFileReference; lastKnownFileType = folder.assetcatalog; path = Assets.xcassets; sourceTree = "<group>"; };
		F0F100000000000000000010 /* ForgeWatchWidgetBundle.swift */ = {isa = PBXFileReference; lastKnownFileType = sourcecode.swift; path = ForgeWatchWidgetBundle.swift; sourceTree = "<group>"; };
		F0F100000000000000000011 /* ComplicationProvider.swift */ = {isa = PBXFileReference; lastKnownFileType = sourcecode.swift; path = ComplicationProvider.swift; sourceTree = "<group>"; };
		F0F100000000000000000012 /* ReadinessComplication.swift */ = {isa = PBXFileReference; lastKnownFileType = sourcecode.swift; path = ReadinessComplication.swift; sourceTree = "<group>"; };
		F0F100000000000000000013 /* MindfulnessResetComplication.swift */ = {isa = PBXFileReference; lastKnownFileType = sourcecode.swift; path = MindfulnessResetComplication.swift; sourceTree = "<group>"; };
		F0F100000000000000000014 /* SleepQualityComplication.swift */ = {isa = PBXFileReference; lastKnownFileType = sourcecode.swift; path = SleepQualityComplication.swift; sourceTree = "<group>"; };
		F0F100000000000000000015 /* Info.plist */ = {isa = PBXFileReference; lastKnownFileType = text.plist.xml; path = Info.plist; sourceTree = "<group>"; };
		F0F100000000000000000016 /* ForgeWatchWidgets.entitlements */ = {isa = PBXFileReference; lastKnownFileType = text.plist.entitlements; path = ForgeWatchWidgets.entitlements; sourceTree = "<group>"; };
		F0F100000000000000000017 /* ForgeCore */ = {isa = PBXFileReference; lastKnownFileType = wrapper; path = ForgeCore; sourceTree = "<group>"; };
		F0F100000000000000000018 /* ForgeWatch.app */ = {isa = PBXFileReference; explicitFileType = wrapper.application; includeInIndex = 0; path = ForgeWatch.app; sourceTree = BUILT_PRODUCTS_DIR; };
		F0F100000000000000000019 /* ForgeWatchWidgets.appex */ = {isa = PBXFileReference; explicitFileType = "wrapper.app-extension"; includeInIndex = 0; path = ForgeWatchWidgets.appex; sourceTree = BUILT_PRODUCTS_DIR; };
		F0F10000000000000000001A /* WorkoutSessionManager.swift */ = {isa = PBXFileReference; lastKnownFileType = sourcecode.swift; path = WorkoutSessionManager.swift; sourceTree = "<group>"; };
		F0F10000000000000000001B /* PhoneLinkService.swift */ = {isa = PBXFileReference; lastKnownFileType = sourcecode.swift; path = PhoneLinkService.swift; sourceTree = "<group>"; };
		F0F10000000000000000001C /* WorkoutCoordinatorView.swift */ = {isa = PBXFileReference; lastKnownFileType = sourcecode.swift; path = WorkoutCoordinatorView.swift; sourceTree = "<group>"; };
		F0F10000000000000000001D /* ActiveWorkoutComplication.swift */ = {isa = PBXFileReference; lastKnownFileType = sourcecode.swift; path = ActiveWorkoutComplication.swift; sourceTree = "<group>"; };
		F0F10000000000000000001E /* ForgeWorkoutActivityAttributes.swift */ = {isa = PBXFileReference; lastKnownFileType = sourcecode.swift; path = ForgeWorkoutActivityAttributes.swift; sourceTree = "<group>"; };
		F0F10000000000000000001F /* ForgeWorkoutLiveActivity.swift */ = {isa = PBXFileReference; lastKnownFileType = sourcecode.swift; path = ForgeWorkoutLiveActivity.swift; sourceTree = "<group>"; };
		F0F100000000000000000020 /* ForgeWidgetExtensionBundle.swift */ = {isa = PBXFileReference; lastKnownFileType = sourcecode.swift; path = ForgeWidgetExtensionBundle.swift; sourceTree = "<group>"; };
		F0F100000000000000000021 /* Info.plist */ = {isa = PBXFileReference; lastKnownFileType = text.plist.xml; path = Info.plist; sourceTree = "<group>"; };
		F0F100000000000000000022 /* ForgeWidgetExtension.entitlements */ = {isa = PBXFileReference; lastKnownFileType = text.plist.entitlements; path = ForgeWidgetExtension.entitlements; sourceTree = "<group>"; };
		F0F100000000000000000023 /* WorkoutActivityCoordinator.swift */ = {isa = PBXFileReference; lastKnownFileType = sourcecode.swift; path = WorkoutActivityCoordinator.swift; sourceTree = "<group>"; };
		F0F100000000000000000024 /* LifestyleWidget.swift */ = {isa = PBXFileReference; lastKnownFileType = sourcecode.swift; name = LifestyleWidget.swift; path = ../../ForgeWidget/LifestyleWidget.swift; sourceTree = "<group>"; };
		F0F100000000000000000025 /* ForgeWidgetExtension.appex */ = {isa = PBXFileReference; explicitFileType = "wrapper.app-extension"; includeInIndex = 0; path = ForgeWidgetExtension.appex; sourceTree = BUILT_PRODUCTS_DIR; };
		F0F100000000000000000026 /* SleepSummaryView.swift */ = {isa = PBXFileReference; lastKnownFileType = sourcecode.swift; path = SleepSummaryView.swift; sourceTree = "<group>"; };
		F0F100000000000000000027 /* KnownPlacesStore.swift */ = {isa = PBXFileReference; lastKnownFileType = sourcecode.swift; path = KnownPlacesStore.swift; sourceTree = "<group>"; };
		F0F100000000000000000028 /* WindDownScheduler.swift */ = {isa = PBXFileReference; lastKnownFileType = sourcecode.swift; path = WindDownScheduler.swift; sourceTree = "<group>"; };
		F0F100000000000000000029 /* OnboardingView.swift */ = {isa = PBXFileReference; lastKnownFileType = sourcecode.swift; path = OnboardingView.swift; sourceTree = "<group>"; };
		F0F10000000000000000002A /* WatchAriaConfigBridge.swift */ = {isa = PBXFileReference; lastKnownFileType = sourcecode.swift; path = WatchAriaConfigBridge.swift; sourceTree = "<group>"; };
		F0F1000000000000000000A2 /* LifestyleTargets.swift */ = {isa = PBXFileReference; lastKnownFileType = sourcecode.swift; path = LifestyleTargets.swift; sourceTree = "<group>"; };
		FWNSCHED01 /* ForgeNotificationScheduler.swift */ = {isa = PBXFileReference; lastKnownFileType = sourcecode.swift; path = ForgeNotificationScheduler.swift; sourceTree = "<group>"; };
		FWSETED01 /* SettingsEditorViews.swift */ = {isa = PBXFileReference; lastKnownFileType = sourcecode.swift; path = SettingsEditorViews.swift; sourceTree = "<group>"; };
/* End PBXFileReference section */

/* Begin PBXFrameworksBuildPhase section */
		AA0003000000000000000001 /* Frameworks */ = {
			isa = PBXFrameworksBuildPhase;
			buildActionMask = 2147483647;
			files = (
				F0B100000000000000000032 /* ForgeCore in Frameworks */,
			);
			runOnlyForDeploymentPostprocessing = 0;
		};
		F0D100000000000000000002 /* Frameworks */ = {
			isa = PBXFrameworksBuildPhase;
			buildActionMask = 2147483647;
			files = (
				F0B100000000000000000020 /* ForgeCore in Frameworks */,
			);
			runOnlyForDeploymentPostprocessing = 0;
		};
		F0D100000000000000000006 /* Frameworks */ = {
			isa = PBXFrameworksBuildPhase;
			buildActionMask = 2147483647;
			files = (
				F0B100000000000000000021 /* ForgeCore in Frameworks */,
			);
			runOnlyForDeploymentPostprocessing = 0;
		};
		F0D10000000000000000000A /* Frameworks */ = {
			isa = PBXFrameworksBuildPhase;
			buildActionMask = 2147483647;
			files = (
				F0B100000000000000000033 /* ForgeCore in Frameworks */,
			);
			runOnlyForDeploymentPostprocessing = 0;
		};
/* End PBXFrameworksBuildPhase section */

/* Begin PBXGroup section */
		1ARIA0152F9FF867004091AA /* Chat */ = {
			isa = PBXGroup;
			children = (
				1ARIA0112F9FF867004091AA /* ContextInspectorView.swift */,
				1ARIA0132F9FF867004091AA /* ProactiveCardView.swift */,
			);
			path = Chat;
			sourceTree = "<group>";
		};
		1ARIA0162F9FF867004091AA /* Views */ = {
			isa = PBXGroup;
			children = (
				1ARIA0152F9FF867004091AA /* Chat */,
				1ARIA0432F9FF867004091AA /* MenstrualHealthView.swift */,
				1E44AFC730182A1F00D1C14D /* PeriodEndFeedbackView.swift */,
				1WC0082F9FF867004091AA /* BiologicalSexStepView.swift */,
				1HCV0012F9FF867004091AA /* HomeCookingView.swift */,
			);
			path = Views;
			sourceTree = "<group>";
		};
		1DATA0102F9FF867004091AA /* Data */ = {
			isa = PBXGroup;
			children = (
				1HCM0012F9FF867004091AA /* HomeCookedMeals.swift */,
			);
			path = Data;
			sourceTree = "<group>";
		};
		1ARIA0172F9FF867004091AA /* Models */ = {
			isa = PBXGroup;
			children = (
				1ARIA0372F9FF867004091AA /* MenstrualCycleModels.swift */,
				1ARIA0312F9FF867004091AA /* AriaTrainingTheme.swift */,
				1ARIA0572F9FF867004091AA /* CyclePrivacy.swift */,
				1ARIA0012F9FF867004091AA /* AriaContext.swift */,
				1ARIA0032F9FF867004091AA /* AriaResponse.swift */,
				1ARIA0212F9FF867004091AA /* ARIAContextPayload.swift */,
				1ARIA0232F9FF867004091AA /* AriaPermissions.swift */,
			);
			path = Models;
			sourceTree = "<group>";
		};
		1EHKS0032F9FF867004091AA /* Services */ = {
			isa = PBXGroup;
			children = (
				1PAS0012F9FF867004091AA /* ProfileAvatarStore.swift */,
				1EHKS0012F9FF867004091AA /* HealthKitSleepService.swift */,
				1ARIA0052F9FF867004091AA /* AriaService.swift */,
				1ARIA0072F9FF867004091AA /* AriaContextStore.swift */,
				1WC1022F9FF867004091AA /* CrossZoneConsistency.swift */,
				1ARIA0332F9FF867004091AA /* AriaPlanEngine.swift */,
				1ARIA0352F9FF867004091AA /* AriaVoiceEngine.swift */,
				1ARIA0412F9FF867004091AA /* MenstrualHealthStore.swift */,
				1CYC0022F9FF867004091AA /* CycleDataEvaluator.swift */,
				1CYC0042F9FF867004091AA /* CycleAriaAnalyst.swift */,
				1ARIA0452F9FF867004091AA /* PartnerSupportCoach.swift */,
				1ARIA0472F9FF867004091AA /* AriaRelationalCoach.swift */,
				1ARIA0492F9FF867004091AA /* AriaEmotionalSupportCoach.swift */,
				1ARIA0532F9FF867004091AA /* AriaPersonRegistry.swift */,
				1ARIA0552F9FF867004091AA /* AriaArchetypeStudio.swift */,
				1ARIA0512F9FF867004091AA /* AriaPersonAdaptation.swift */,
				1ARIA0392F9FF867004091AA /* MenstrualCycleEngine.swift */,
				1WC0022F9FF867004091AA /* SexualHealthCoach.swift */,
				1WC0042F9FF867004091AA /* SexualHealthCurriculum.swift */,
				1WC0062F9FF867004091AA /* CyclePhaseCoachingDirective.swift */,
				1ARIA0092F9FF867004091AA /* FeedbackService.swift */,
				1ARIA0252F9FF867004091AA /* BiometricsObserveService.swift */,
			);
			path = Services;
			sourceTree = "<group>";
		};
		AA0004000000000000000001 /* ForgeSwift */ = {
			isa = PBXGroup;
			children = (
				1E4DF70C2F9FEC33004091AA /* ForgeSwift.entitlements */,
				AA0002000000000000000001 /* ForgeSwiftApp.swift */,
				AA0002000000000000000002 /* Theme.swift */,
				AA0002000000000000000003 /* Models.swift */,
				AA0002000000000000000004 /* AppStore.swift */,
				AA0002000000000000000005 /* ContentView.swift */,
				1NAV022F9FF867004091AA /* ForgeNavigation.swift */,
				1AUTH0022F9FF867004091AA /* AuthWelcomeView.swift */,
				1AUTH0042F9FF867004091AA /* AuthSignInView.swift */,
				1AUTH0062F9FF867004091AA /* AuthSignUpFlowView.swift */,
				AA0002000000000000000006 /* OnboardingView.swift */,
				AA0002000000000000000007 /* HomeView.swift */,
				AA00020000000000000000A1 /* HomeAuroraBackground.swift */,
				AA0002000000000000000008 /* ChatView.swift */,
				AA0002000000000000000009 /* WorkoutView.swift */,
				AA000200000000000000000A /* SleepView.swift */,
				AA000200000000000000000B /* ProfileView.swift */,
				AA000200000000000000000C /* Assets.xcassets */,
				1ED842E22F90C15300693D3E /* LifestyleView.swift */,
				1E9C57112F915D9800F365E3 /* VoiceCoachManager.swift */,
				1E9C57132F915DB900F365E3 /* VoiceCoachViews.swift */,
				1E9C57152F91607F00F365E3 /* VoiceCoachIntegration.swift */,
				1E4DF70A2F9FAEEC004091AA /* MusicControllerFactory.swift */,
				1DATA0102F9FF867004091AA /* Data */,
				1ARIA0172F9FF867004091AA /* Models */,
				1ARIA0162F9FF867004091AA /* Views */,
				1EHKS0032F9FF867004091AA /* Services */,
				1E4DF7152F9FF867004091AA /* HealthKitManager.swift */,
				1E4DF7172F9FF889004091AA /* OnboardingHealthKitViews.swift */,
				1E4DF7192F9FFA70004091AA /* OnboardingDataManager.swift */,
				1E4DF71B2F9FFAAA004091AA /* EnhancedDataConnectionView.swift */,
				1E4DF71D2F9FFAE1004091AA /* SmartProfileSetupView.swift */,
				F0F1000000000000000000A2 /* LifestyleTargets.swift */,
				FWSETED01 /* SettingsEditorViews.swift */,
				FWNSCHED01 /* ForgeNotificationScheduler.swift */,
				1E7A68E52FA2FD6500B0DD08 /* ForgeDesignSystem.swift */,
				1ARIA0272F9FF867004091AA /* Theme+Readiness.swift */,
				1E7A68E72FA31E6E00B0DD08 /* View+ForgeCardShadow.swift */,
				1E0DCBA62FA476C600A9C6F3 /* AuroraOrbComponents.swift */,
				F0F100000000000000000023 /* WorkoutActivityCoordinator.swift */,
				F0F10000000000000000002A /* WatchAriaConfigBridge.swift */,
				1E86B2FE2FDC095F00B9DAEB /* OnboardingCoordinator.swift */,
			);
			path = ForgeSwift;
			sourceTree = "<group>";
		};
		AA0004000000000000000002 /* Products */ = {
			isa = PBXGroup;
			children = (
				AA000200000000000000000D /* ForgeSwift.app */,
				F0F100000000000000000018 /* ForgeWatch.app */,
				F0F100000000000000000019 /* ForgeWatchWidgets.appex */,
				F0F100000000000000000025 /* ForgeWidgetExtension.appex */,
			);
			name = Products;
			sourceTree = "<group>";
		};
		AA0004000000000000000003 = {
			isa = PBXGroup;
			children = (
				AA0004000000000000000001 /* ForgeSwift */,
				F0F100000000000000000017 /* ForgeCore */,
				F0A100000000000000000001 /* ForgeWatch */,
				F0A100000000000000000006 /* LiveActivities */,
				F0A100000000000000000007 /* ForgeWidgetExtension */,
				AA0004000000000000000002 /* Products */,
			);
			sourceTree = "<group>";
		};
		F0A100000000000000000006 /* LiveActivities */ = {
			isa = PBXGroup;
			children = (
				F0F10000000000000000001E /* ForgeWorkoutActivityAttributes.swift */,
				F0F10000000000000000001F /* ForgeWorkoutLiveActivity.swift */,
				1WC00A2F9FF867004091AA /* CycleLiveActivityAttributes.swift */,
				1WC00D2F9FF867004091AA /* CycleFertileWindowLiveActivity.swift */,
			);
			path = LiveActivities;
			sourceTree = "<group>";
		};
		F0A100000000000000000007 /* ForgeWidgetExtension */ = {
			isa = PBXGroup;
			children = (
				F0F100000000000000000020 /* ForgeWidgetExtensionBundle.swift */,
				F0F100000000000000000024 /* LifestyleWidget.swift */,
				1WC00F2F9FF867004091AA /* CyclePhaseWidget.swift */,
				F0F100000000000000000021 /* Info.plist */,
				F0F100000000000000000022 /* ForgeWidgetExtension.entitlements */,
			);
			path = ForgeWidgetExtension;
			sourceTree = "<group>";
		};
		F0A100000000000000000001 /* ForgeWatch */ = {
			isa = PBXGroup;
			children = (
				F0F100000000000000000001 /* ForgeWatchApp.swift */,
				F0A100000000000000000002 /* Views */,
				F0A100000000000000000003 /* Components */,
				F0A100000000000000000004 /* Managers */,
				F0A100000000000000000005 /* Complications */,
				F0F10000000000000000000E /* ForgeWatch.entitlements */,
				F0F10000000000000000000F /* Assets.xcassets */,
			);
			path = ForgeWatch;
			sourceTree = "<group>";
		};
		F0A100000000000000000002 /* Views */ = {
			isa = PBXGroup;
			children = (
				F0F100000000000000000002 /* HomeView.swift */,
				F0F100000000000000000003 /* MindfulnessView.swift */,
				F0F100000000000000000004 /* LifestyleContextView.swift */,
				F0F10000000000000000001C /* WorkoutCoordinatorView.swift */,
				F0F100000000000000000026 /* SleepSummaryView.swift */,
				F0F100000000000000000029 /* OnboardingView.swift */,
			);
			path = Views;
			sourceTree = "<group>";
		};
		F0A100000000000000000003 /* Components */ = {
			isa = PBXGroup;
			children = (
				F0F100000000000000000005 /* AuroraOrbWatch.swift */,
				F0F100000000000000000006 /* BreathingOrb.swift */,
				F0F100000000000000000007 /* ReadinessRing.swift */,
				F0F100000000000000000008 /* ContextCard.swift */,
				F0F100000000000000000009 /* HapticButton.swift */,
			);
			path = Components;
			sourceTree = "<group>";
		};
		F0A100000000000000000004 /* Managers */ = {
			isa = PBXGroup;
			children = (
				F0F10000000000000000000A /* WatchHealthKitManager.swift */,
				F0F10000000000000000000B /* ContextEngine.swift */,
				F0F10000000000000000000C /* MindfulnessSessionManager.swift */,
				F0F10000000000000000000D /* ARIAWatchService.swift */,
				F0F10000000000000000001A /* WorkoutSessionManager.swift */,
				F0F10000000000000000001B /* PhoneLinkService.swift */,
				F0F100000000000000000027 /* KnownPlacesStore.swift */,
				F0F100000000000000000028 /* WindDownScheduler.swift */,
			);
			path = Managers;
			sourceTree = "<group>";
		};
		F0A100000000000000000005 /* Complications */ = {
			isa = PBXGroup;
			children = (
				F0F100000000000000000010 /* ForgeWatchWidgetBundle.swift */,
				F0F100000000000000000011 /* ComplicationProvider.swift */,
				F0F100000000000000000012 /* ReadinessComplication.swift */,
				F0F100000000000000000013 /* MindfulnessResetComplication.swift */,
				F0F100000000000000000014 /* SleepQualityComplication.swift */,
				F0F10000000000000000001D /* ActiveWorkoutComplication.swift */,
				F0F100000000000000000015 /* Info.plist */,
				F0F100000000000000000016 /* ForgeWatchWidgets.entitlements */,
			);
			path = Complications;
			sourceTree = "<group>";
		};
		F0A100000000000000000006 /* LiveActivities */ = {
			isa = PBXGroup;
			children = (
				F0F10000000000000000001E /* ForgeWorkoutActivityAttributes.swift */,
				F0F10000000000000000001F /* ForgeWorkoutLiveActivity.swift */,
				1WC00A2F9FF867004091AA /* CycleLiveActivityAttributes.swift */,
				1WC00D2F9FF867004091AA /* CycleFertileWindowLiveActivity.swift */,
			);
			path = LiveActivities;
			sourceTree = "<group>";
		};
		F0A100000000000000000007 /* ForgeWidgetExtension */ = {
			isa = PBXGroup;
			children = (
				F0F100000000000000000020 /* ForgeWidgetExtensionBundle.swift */,
				F0F100000000000000000024 /* LifestyleWidget.swift */,
				1WC00F2F9FF867004091AA /* CyclePhaseWidget.swift */,
				F0F100000000000000000021 /* Info.plist */,
				F0F100000000000000000022 /* ForgeWidgetExtension.entitlements */,
			);
			path = ForgeWidgetExtension;
			sourceTree = "<group>";
		};
/* End PBXGroup section */

/* Begin PBXNativeTarget section */
		AA0005000000000000000001 /* ForgeSwift */ = {
			isa = PBXNativeTarget;
			buildConfigurationList = AA0006000000000000000002 /* Build configuration list for PBXNativeTarget "ForgeSwift" */;
			buildPhases = (
				AA0007000000000000000001 /* Sources */,
				AA0003000000000000000001 /* Frameworks */,
				AA0007000000000000000002 /* Resources */,
				F0D100000000000000000008 /* Embed Watch Content */,
				F0D10000000000000000000C /* Embed Foundation Extensions */,
			);
			buildRules = (
			);
			dependencies = (
				F0C300000000000000000002 /* PBXTargetDependency */,
				F0C300000000000000000003 /* PBXTargetDependency */,
			);
			name = ForgeSwift;
			packageProductDependencies = (
				F0F200000000000000000003 /* ForgeCore */,
			);
			productName = ForgeSwift;
			productReference = AA000200000000000000000D /* ForgeSwift.app */;
			productType = "com.apple.product-type.application";
		};
		F0C100000000000000000001 /* ForgeWatch */ = {
			isa = PBXNativeTarget;
			buildConfigurationList = F0E200000000000000000001 /* Build configuration list for PBXNativeTarget "ForgeWatch" */;
			buildPhases = (
				F0D100000000000000000001 /* Sources */,
				F0D100000000000000000002 /* Frameworks */,
				F0D100000000000000000003 /* Resources */,
				F0D100000000000000000004 /* Embed Foundation Extensions */,
			);
			buildRules = (
			);
			dependencies = (
				F0C300000000000000000001 /* PBXTargetDependency */,
			);
			name = ForgeWatch;
			packageProductDependencies = (
				F0F200000000000000000001 /* ForgeCore */,
			);
			productName = ForgeWatch;
			productReference = F0F100000000000000000018 /* ForgeWatch.app */;
			productType = "com.apple.product-type.application";
		};
		F0C100000000000000000002 /* ForgeWatchWidgets */ = {
			isa = PBXNativeTarget;
			buildConfigurationList = F0E200000000000000000002 /* Build configuration list for PBXNativeTarget "ForgeWatchWidgets" */;
			buildPhases = (
				F0D100000000000000000005 /* Sources */,
				F0D100000000000000000006 /* Frameworks */,
				F0D100000000000000000007 /* Resources */,
			);
			buildRules = (
			);
			dependencies = (
			);
			name = ForgeWatchWidgets;
			packageProductDependencies = (
				F0F200000000000000000002 /* ForgeCore */,
			);
			productName = ForgeWatchWidgets;
			productReference = F0F100000000000000000019 /* ForgeWatchWidgets.appex */;
			productType = "com.apple.product-type.app-extension";
		};
		F0C100000000000000000003 /* ForgeWidgetExtension */ = {
			isa = PBXNativeTarget;
			buildConfigurationList = F0E200000000000000000003 /* Build configuration list for PBXNativeTarget "ForgeWidgetExtension" */;
			buildPhases = (
				F0D100000000000000000009 /* Sources */,
				F0D10000000000000000000A /* Frameworks */,
				F0D10000000000000000000B /* Resources */,
			);
			buildRules = (
			);
			dependencies = (
			);
			name = ForgeWidgetExtension;
			packageProductDependencies = (
				F0F200000000000000000004 /* ForgeCore */,
			);
			productName = ForgeWidgetExtension;
			productReference = F0F100000000000000000025 /* ForgeWidgetExtension.appex */;
			productType = "com.apple.product-type.app-extension";
		};
/* End PBXNativeTarget section */

/* Begin PBXProject section */
		AA0008000000000000000001 /* Project object */ = {
			isa = PBXProject;
			attributes = {
				BuildIndependentTargetsInParallel = 1;
				LastSwiftUpdateCheck = 1530;
				LastUpgradeCheck = 2700;
				TargetAttributes = {
					AA0005000000000000000001 = {
						CreatedOnToolsVersion = 15.3;
					};
					F0C100000000000000000001 = {
						CreatedOnToolsVersion = 15.3;
					};
					F0C100000000000000000002 = {
						CreatedOnToolsVersion = 15.3;
					};
					F0C100000000000000000003 = {
						CreatedOnToolsVersion = 15.3;
					};
				};
			};
			buildConfigurationList = AA0006000000000000000001 /* Build configuration list for PBXProject "ForgeSwift" */;
			compatibilityVersion = "Xcode 14.0";
			developmentRegion = en;
			hasScannedForEncodings = 0;
			knownRegions = (
				en,
				Base,
			);
			mainGroup = AA0004000000000000000003;
			productRefGroup = AA0004000000000000000002 /* Products */;
			projectDirPath = "";
			projectRoot = "";
			targets = (
				AA0005000000000000000001 /* ForgeSwift */,
				F0C100000000000000000001 /* ForgeWatch */,
				F0C100000000000000000002 /* ForgeWatchWidgets */,
				F0C100000000000000000003 /* ForgeWidgetExtension */,
			);
		};
/* End PBXProject section */

/* Begin PBXResourcesBuildPhase section */
		AA0007000000000000000002 /* Resources */ = {
			isa = PBXResourcesBuildPhase;
			buildActionMask = 2147483647;
			files = (
				AA000100000000000000000C /* Assets.xcassets in Resources */,
			);
			runOnlyForDeploymentPostprocessing = 0;
		};
		F0D100000000000000000003 /* Resources */ = {
			isa = PBXResourcesBuildPhase;
			buildActionMask = 2147483647;
			files = (
				F0B10000000000000000000F /* Assets.xcassets in Resources */,
			);
			runOnlyForDeploymentPostprocessing = 0;
		};
		F0D100000000000000000007 /* Resources */ = {
			isa = PBXResourcesBuildPhase;
			buildActionMask = 2147483647;
			files = (
			);
			runOnlyForDeploymentPostprocessing = 0;
		};
		F0D10000000000000000000B /* Resources */ = {
			isa = PBXResourcesBuildPhase;
			buildActionMask = 2147483647;
			files = (
			);
			runOnlyForDeploymentPostprocessing = 0;
		};
/* End PBXResourcesBuildPhase section */

/* Begin PBXSourcesBuildPhase section */
		AA0007000000000000000001 /* Sources */ = {
			isa = PBXSourcesBuildPhase;
			buildActionMask = 2147483647;
			files = (
				1E9C57162F91607F00F365E3 /* VoiceCoachIntegration.swift in Sources */,
				AA0001000000000000000001 /* ForgeSwiftApp.swift in Sources */,
				1E7A68E82FA31E6E00B0DD08 /* View+ForgeCardShadow.swift in Sources */,
				AA0001000000000000000002 /* Theme.swift in Sources */,
				1E4DF7162F9FF867004091AA /* HealthKitManager.swift in Sources */,
				1EHKS0022F9FF867004091AA /* HealthKitSleepService.swift in Sources */,
				1ARIA0022F9FF867004091AA /* AriaContext.swift in Sources */,
				1ARIA0042F9FF867004091AA /* AriaResponse.swift in Sources */,
				1ARIA0062F9FF867004091AA /* AriaService.swift in Sources */,
				1ARIA0082F9FF867004091AA /* AriaContextStore.swift in Sources */,
				1WC1012F9FF867004091AA /* CrossZoneConsistency.swift in Sources */,
				1ARIA0102F9FF867004091AA /* FeedbackService.swift in Sources */,
				1ARIA0122F9FF867004091AA /* ContextInspectorView.swift in Sources */,
				1ARIA0142F9FF867004091AA /* ProactiveCardView.swift in Sources */,
				1ARIA0202F9FF867004091AA /* ARIAContextPayload.swift in Sources */,
				1ARIA0222F9FF867004091AA /* AriaPermissions.swift in Sources */,
				1ARIA0242F9FF867004091AA /* BiometricsObserveService.swift in Sources */,
				1ARIA0262F9FF867004091AA /* Theme+Readiness.swift in Sources */,
				1ARIA0302F9FF867004091AA /* AriaTrainingTheme.swift in Sources */,
				1ARIA0562F9FF867004091AA /* CyclePrivacy.swift in Sources */,
				1ARIA0322F9FF867004091AA /* AriaPlanEngine.swift in Sources */,
				1ARIA0342F9FF867004091AA /* AriaVoiceEngine.swift in Sources */,
				1ARIA0422F9FF867004091AA /* Menstrual/MenstrualHealthView.swift in Sources */,
				1E44AFC830182A1F00D1C14D /* PeriodEndFeedbackView.swift in Sources */,
				1ARIA0402F9FF867004091AA /* MenstrualHealthStore.swift in Sources */,
				1CYC0012F9FF867004091AA /* CycleDataEvaluator.swift in Sources */,
				1CYC0032F9FF867004091AA /* CycleAriaAnalyst.swift in Sources */,
				1ARIA0442F9FF867004091AA /* PartnerSupportCoach.swift in Sources */,
				1ARIA0462F9FF867004091AA /* AriaRelationalCoach.swift in Sources */,
				1ARIA0482F9FF867004091AA /* AriaEmotionalSupportCoach.swift in Sources */,
				1ARIA0522F9FF867004091AA /* AriaPersonRegistry.swift in Sources */,
				1ARIA0542F9FF867004091AA /* AriaArchetypeStudio.swift in Sources */,
				1ARIA0502F9FF867004091AA /* AriaPersonAdaptation.swift in Sources */,
				1ARIA0382F9FF867004091AA /* MenstrualCycleEngine.swift in Sources */,
				1HCM0022F9FF867004091AA /* HomeCookedMeals.swift in Sources */,
				1HCV0022F9FF867004091AA /* HomeCookingView.swift in Sources */,
				1PAS0022F9FF867004091AA /* ProfileAvatarStore.swift in Sources */,
				1ARIA0362F9FF867004091AA /* MenstrualCycleModels.swift in Sources */,
				1WC0012F9FF867004091AA /* SexualHealthCoach.swift in Sources */,
				1WC0032F9FF867004091AA /* SexualHealthCurriculum.swift in Sources */,
				1WC0052F9FF867004091AA /* CyclePhaseCoachingDirective.swift in Sources */,
				1WC0072F9FF867004091AA /* BiologicalSexStepView.swift in Sources */,
				1WC0092F9FF867004091AA /* CycleLiveActivityAttributes.swift in Sources */,
				1E9C57142F915DB900F365E3 /* VoiceCoachViews.swift in Sources */,
				1E4DF71E2F9FFAE1004091AA /* SmartProfileSetupView.swift in Sources */,
				AA0001000000000000000003 /* Models.swift in Sources */,
				AA0001000000000000000004 /* AppStore.swift in Sources */,
				1E4DF71A2F9FFA70004091AA /* OnboardingDataManager.swift in Sources */,
				AA0001000000000000000005 /* ContentView.swift in Sources */,
				1NAV012F9FF867004091AA /* ForgeNavigation.swift in Sources */,
				1AUTH0012F9FF867004091AA /* AuthWelcomeView.swift in Sources */,
				1AUTH0032F9FF867004091AA /* AuthSignInView.swift in Sources */,
				1AUTH0052F9FF867004091AA /* AuthSignUpFlowView.swift in Sources */,
				AA0001000000000000000006 /* OnboardingView.swift in Sources */,
				1E7A68E62FA2FD6600B0DD08 /* ForgeDesignSystem.swift in Sources */,
				1E4DF70B2F9FAEEC004091AA /* MusicControllerFactory.swift in Sources */,
				1E0DCBA72FA476C600A9C6F3 /* AuroraOrbComponents.swift in Sources */,
				1ED842E32F90C15300693D3E /* LifestyleView.swift in Sources */,
				1E9C57122F915D9800F365E3 /* VoiceCoachManager.swift in Sources */,
				AA0001000000000000000007 /* HomeView.swift in Sources */,
				AA00010000000000000000A1 /* HomeAuroraBackground.swift in Sources */,
				AA0001000000000000000008 /* ChatView.swift in Sources */,
				1E4DF71C2F9FFAAA004091AA /* EnhancedDataConnectionView.swift in Sources */,
				1E86B2FF2FDC095F00B9DAEB /* OnboardingCoordinator.swift in Sources */,
				1E4DF7182F9FF889004091AA /* OnboardingHealthKitViews.swift in Sources */,
				AA0001000000000000000009 /* WorkoutView.swift in Sources */,
				AA000100000000000000000A /* SleepView.swift in Sources */,
				AA000100000000000000000B /* ProfileView.swift in Sources */,
				F0F1000000000000000000A1 /* LifestyleTargets.swift in Sources */,
				FWSETED02 /* SettingsEditorViews.swift in Sources */,
				FWNSCHED02 /* ForgeNotificationScheduler.swift in Sources */,
				F0B10000000000000000001E /* ForgeWorkoutActivityAttributes.swift in Sources */,
				F0B100000000000000000030 /* WorkoutActivityCoordinator.swift in Sources */,
				F0B100000000000000000039 /* WatchAriaConfigBridge.swift in Sources */,
			);
			runOnlyForDeploymentPostprocessing = 0;
		};
		F0D100000000000000000001 /* Sources */ = {
			isa = PBXSourcesBuildPhase;
			buildActionMask = 2147483647;
			files = (
				F0B100000000000000000001 /* ForgeWatchApp.swift in Sources */,
				F0B100000000000000000002 /* HomeView.swift in Sources */,
				F0B100000000000000000003 /* MindfulnessView.swift in Sources */,
				F0B100000000000000000004 /* LifestyleContextView.swift in Sources */,
				F0B100000000000000000005 /* AuroraOrbWatch.swift in Sources */,
				F0B100000000000000000006 /* BreathingOrb.swift in Sources */,
				F0B100000000000000000007 /* ReadinessRing.swift in Sources */,
				F0B100000000000000000008 /* ContextCard.swift in Sources */,
				F0B100000000000000000009 /* HapticButton.swift in Sources */,
				F0B10000000000000000000A /* WatchHealthKitManager.swift in Sources */,
				F0B10000000000000000000B /* ContextEngine.swift in Sources */,
				F0B10000000000000000000C /* MindfulnessSessionManager.swift in Sources */,
				F0B10000000000000000000D /* ARIAWatchService.swift in Sources */,
				F0B10000000000000000001A /* WorkoutSessionManager.swift in Sources */,
				F0B10000000000000000001B /* PhoneLinkService.swift in Sources */,
				F0B10000000000000000001C /* WorkoutCoordinatorView.swift in Sources */,
				F0B100000000000000000035 /* SleepSummaryView.swift in Sources */,
				F0B100000000000000000036 /* KnownPlacesStore.swift in Sources */,
				F0B100000000000000000037 /* WindDownScheduler.swift in Sources */,
				F0B100000000000000000038 /* OnboardingView.swift in Sources */,
			);
			runOnlyForDeploymentPostprocessing = 0;
		};
		F0D100000000000000000005 /* Sources */ = {
			isa = PBXSourcesBuildPhase;
			buildActionMask = 2147483647;
			files = (
				F0B100000000000000000010 /* ForgeWatchWidgetBundle.swift in Sources */,
				F0B100000000000000000011 /* ComplicationProvider.swift in Sources */,
				F0B100000000000000000012 /* ReadinessComplication.swift in Sources */,
				F0B100000000000000000013 /* MindfulnessResetComplication.swift in Sources */,
				F0B100000000000000000014 /* SleepQualityComplication.swift in Sources */,
				F0B10000000000000000001D /* ActiveWorkoutComplication.swift in Sources */,
			);
			runOnlyForDeploymentPostprocessing = 0;
		};
		F0D100000000000000000009 /* Sources */ = {
			isa = PBXSourcesBuildPhase;
			buildActionMask = 2147483647;
			files = (
				F0B10000000000000000002F /* ForgeWidgetExtensionBundle.swift in Sources */,
				F0B10000000000000000002E /* ForgeWorkoutActivityAttributes.swift in Sources */,
				F0B10000000000000000001F /* ForgeWorkoutLiveActivity.swift in Sources */,
				F0B100000000000000000031 /* LifestyleWidget.swift in Sources */,
				1WC00B2F9FF867004091AA /* CycleLiveActivityAttributes.swift in Sources */,
				1WC00C2F9FF867004091AA /* CycleFertileWindowLiveActivity.swift in Sources */,
				1WC00E2F9FF867004091AA /* CyclePhaseWidget.swift in Sources */,
			);
			runOnlyForDeploymentPostprocessing = 0;
		};
/* End PBXSourcesBuildPhase section */

/* Begin PBXTargetDependency section */
		F0C300000000000000000001 /* PBXTargetDependency */ = {
			isa = PBXTargetDependency;
			target = F0C100000000000000000002 /* ForgeWatchWidgets */;
			targetProxy = F0C200000000000000000001 /* PBXContainerItemProxy */;
		};
		F0C300000000000000000002 /* PBXTargetDependency */ = {
			isa = PBXTargetDependency;
			target = F0C100000000000000000001 /* ForgeWatch */;
			targetProxy = F0C200000000000000000002 /* PBXContainerItemProxy */;
		};
		F0C300000000000000000003 /* PBXTargetDependency */ = {
			isa = PBXTargetDependency;
			target = F0C100000000000000000003 /* ForgeWidgetExtension */;
			targetProxy = F0C200000000000000000003 /* PBXContainerItemProxy */;
		};
/* End PBXTargetDependency section */

/* Begin XCBuildConfiguration section */
		AA0009000000000000000001 /* Debug */ = {
			isa = XCBuildConfiguration;
			buildSettings = {
				ALWAYS_SEARCH_USER_PATHS = NO;
				ASSETCATALOG_COMPILER_GENERATE_SWIFT_ASSET_SYMBOL_EXTENSIONS = YES;
				CLANG_ANALYZER_NONNULL = YES;
				CLANG_ANALYZER_NUMBER_OBJECT_CONVERSION = YES_AGGRESSIVE;
				CLANG_CXX_LANGUAGE_STANDARD = "gnu++20";
				CLANG_ENABLE_MODULES = YES;
				CLANG_ENABLE_OBJC_ARC = YES;
				CLANG_ENABLE_OBJC_WEAK = YES;
				CLANG_WARN_BLOCK_CAPTURE_AUTORELEASING = YES;
				CLANG_WARN_BOOL_CONVERSION = YES;
				CLANG_WARN_COMMA = YES;
				CLANG_WARN_CONSTANT_CONVERSION = YES;
				CLANG_WARN_DEPRECATED_OBJC_IMPLEMENTATIONS = YES;
				CLANG_WARN_DIRECT_OBJC_ISA_USAGE = YES_ERROR;
				CLANG_WARN_DOCUMENTATION_COMMENTS = YES;
				CLANG_WARN_EMPTY_BODY = YES;
				CLANG_WARN_ENUM_CONVERSION = YES;
				CLANG_WARN_INFINITE_RECURSION = YES;
				CLANG_WARN_INT_CONVERSION = YES;
				CLANG_WARN_NON_LITERAL_NULL_CONVERSION = YES;
				CLANG_WARN_OBJC_IMPLICIT_RETAIN_CYCLE = YES;
				CLANG_WARN_OBJC_IMPLICIT_RETAIN_SELF = YES;
				CLANG_WARN_OBJC_LITERAL_CONVERSION = YES;
				CLANG_WARN_OBJC_ROOT_CLASS = YES_ERROR;
				CLANG_WARN_QUOTED_INCLUDE_IN_FRAMEWORK_HEADER = YES;
				CLANG_WARN_RANGE_LOOP_ANALYSIS = YES;
				CLANG_WARN_STRICT_PROTOTYPES = YES;
				CLANG_WARN_SUSPICIOUS_MOVE = YES;
				CLANG_WARN_UNGUARDED_AVAILABILITY = YES_AGGRESSIVE;
				CLANG_WARN_UNREACHABLE_CODE = YES;
				CLANG_WARN__DUPLICATE_METHOD_MATCH = YES;
				COPY_PHASE_STRIP = NO;
				DEBUG_INFORMATION_FORMAT = dwarf;
				DEVELOPMENT_TEAM = L85K85Q7MB;
				ENABLE_STRICT_OBJC_MSGSEND = YES;
				ENABLE_TESTABILITY = YES;
				ENABLE_USER_SCRIPT_SANDBOXING = YES;
				GCC_C_LANGUAGE_STANDARD = gnu17;
				GCC_DYNAMIC_NO_PIC = NO;
				GCC_NO_COMMON_BLOCKS = YES;
				GCC_OPTIMIZATION_LEVEL = 0;
				GCC_PREPROCESSOR_DEFINITIONS = (
					"DEBUG=1",
					"$(inherited)",
				);
				GCC_WARN_64_TO_32_BIT_CONVERSION = YES;
				GCC_WARN_ABOUT_RETURN_TYPE = YES_ERROR;
				GCC_WARN_UNDECLARED_SELECTOR = YES;
				GCC_WARN_UNINITIALIZED_AUTOS = YES_AGGRESSIVE;
				GCC_WARN_UNUSED_FUNCTION = YES;
				GCC_WARN_UNUSED_VARIABLE = YES;
				IPHONEOS_DEPLOYMENT_TARGET = 18.6;
				MTL_ENABLE_DEBUG_INFO = INCLUDE_SOURCE;
				MTL_FAST_MATH = YES;
				ONLY_ACTIVE_ARCH = YES;
				SDKROOT = iphoneos;
				STRING_CATALOG_GENERATE_SYMBOLS = YES;
				SWIFT_ACTIVE_COMPILATION_CONDITIONS = "DEBUG $(inherited)";
				SWIFT_OPTIMIZATION_LEVEL = "-Onone";
			};
			name = Debug;
		};
		AA0009000000000000000002 /* Release */ = {
			isa = XCBuildConfiguration;
			buildSettings = {
				ALWAYS_SEARCH_USER_PATHS = NO;
				ASSETCATALOG_COMPILER_GENERATE_SWIFT_ASSET_SYMBOL_EXTENSIONS = YES;
				CLANG_ANALYZER_NONNULL = YES;
				CLANG_ANALYZER_NUMBER_OBJECT_CONVERSION = YES_AGGRESSIVE;
				CLANG_CXX_LANGUAGE_STANDARD = "gnu++20";
				CLANG_ENABLE_MODULES = YES;
				CLANG_ENABLE_OBJC_ARC = YES;
				CLANG_ENABLE_OBJC_WEAK = YES;
				CLANG_WARN_BLOCK_CAPTURE_AUTORELEASING = YES;
				CLANG_WARN_BOOL_CONVERSION = YES;
				CLANG_WARN_COMMA = YES;
				CLANG_WARN_CONSTANT_CONVERSION = YES;
				CLANG_WARN_DEPRECATED_OBJC_IMPLEMENTATIONS = YES;
				CLANG_WARN_DIRECT_OBJC_ISA_USAGE = YES_ERROR;
				CLANG_WARN_DOCUMENTATION_COMMENTS = YES;
				CLANG_WARN_EMPTY_BODY = YES;
				CLANG_WARN_ENUM_CONVERSION = YES;
				CLANG_WARN_INFINITE_RECURSION = YES;
				CLANG_WARN_INT_CONVERSION = YES;
				CLANG_WARN_NON_LITERAL_NULL_CONVERSION = YES;
				CLANG_WARN_OBJC_IMPLICIT_RETAIN_CYCLE = YES;
				CLANG_WARN_OBJC_IMPLICIT_RETAIN_SELF = YES;
				CLANG_WARN_OBJC_LITERAL_CONVERSION = YES;
				CLANG_WARN_OBJC_ROOT_CLASS = YES_ERROR;
				CLANG_WARN_QUOTED_INCLUDE_IN_FRAMEWORK_HEADER = YES;
				CLANG_WARN_RANGE_LOOP_ANALYSIS = YES;
				CLANG_WARN_STRICT_PROTOTYPES = YES;
				CLANG_WARN_SUSPICIOUS_MOVE = YES;
				CLANG_WARN_UNGUARDED_AVAILABILITY = YES_AGGRESSIVE;
				CLANG_WARN_UNREACHABLE_CODE = YES;
				CLANG_WARN__DUPLICATE_METHOD_MATCH = YES;
				COPY_PHASE_STRIP = NO;
				DEBUG_INFORMATION_FORMAT = "dwarf-with-dsym";
				DEVELOPMENT_TEAM = L85K85Q7MB;
				ENABLE_NS_ASSERTIONS = NO;
				ENABLE_STRICT_OBJC_MSGSEND = YES;
				ENABLE_USER_SCRIPT_SANDBOXING = YES;
				GCC_C_LANGUAGE_STANDARD = gnu17;
				GCC_NO_COMMON_BLOCKS = YES;
				GCC_WARN_64_TO_32_BIT_CONVERSION = YES;
				GCC_WARN_ABOUT_RETURN_TYPE = YES_ERROR;
				GCC_WARN_UNDECLARED_SELECTOR = YES;
				GCC_WARN_UNINITIALIZED_AUTOS = YES_AGGRESSIVE;
				GCC_WARN_UNUSED_FUNCTION = YES;
				GCC_WARN_UNUSED_VARIABLE = YES;
				IPHONEOS_DEPLOYMENT_TARGET = 18.6;
				MTL_FAST_MATH = YES;
				ONLY_ACTIVE_ARCH = YES;
				SDKROOT = iphoneos;
				STRING_CATALOG_GENERATE_SYMBOLS = YES;
				SWIFT_COMPILATION_MODE = wholemodule;
				VALIDATE_PRODUCT = YES;
			};
			name = Release;
		};
		AA0009000000000000000003 /* Debug */ = {
			isa = XCBuildConfiguration;
			buildSettings = {
				ASSETCATALOG_COMPILER_APPICON_NAME = AppIcon;
				ASSETCATALOG_COMPILER_GLOBAL_ACCENT_COLOR_NAME = AccentColor;
				CODE_SIGN_ENTITLEMENTS = ForgeSwift/ForgeSwift.entitlements;
				CODE_SIGN_STYLE = Automatic;
				CURRENT_PROJECT_VERSION = 1;
				DEVELOPMENT_ASSET_PATHS = "";
				ENABLE_PREVIEWS = YES;
				GENERATE_INFOPLIST_FILE = YES;
				INFOPLIST_KEY_CFBundleDisplayName = "Forge ";
				INFOPLIST_KEY_LSApplicationCategoryType = "public.app-category.lifestyle";
				INFOPLIST_KEY_NSAppleMusicUsageDescription = "This allows users to access the vast libraries of Apple Music ";
				INFOPLIST_KEY_NSCameraUsageDescription = "Forge uses the camera to scan food barcodes so you can log meals and nutrition quickly.";
				INFOPLIST_KEY_NSHealthShareUsageDescription = "Forge reads Health app data such as activity, workouts, sleep, heart metrics, body measurements, cycle health, mobility, hydration, and nutrition to personalize training, recovery, and coaching.";
				INFOPLIST_KEY_NSHealthUpdateUsageDescription = "Forge saves workouts, nutrition, hydration, and energy data to the Health app so your fitness history stays complete and personalized.";
				INFOPLIST_KEY_NSLocationWhenInUseUsageDescription = "Forge uses your location to detect nearby restaurants and log meals faster.";
				INFOPLIST_KEY_NSSupportsLiveActivities = YES;
				INFOPLIST_KEY_UIApplicationSceneManifest_Generation = YES;
				INFOPLIST_KEY_UIApplicationSupportsIndirectInputEvents = YES;
				INFOPLIST_KEY_UILaunchScreen_Generation = YES;
				INFOPLIST_KEY_UISupportedInterfaceOrientations = "UIInterfaceOrientationLandscapeLeft UIInterfaceOrientationLandscapeRight UIInterfaceOrientationPortrait UIInterfaceOrientationPortraitUpsideDown";
				IPHONEOS_DEPLOYMENT_TARGET = 17.0;
				LD_RUNPATH_SEARCH_PATHS = (
					"$(inherited)",
					"@executable_path/Frameworks",
				);
				MARKETING_VERSION = 1.0;
				PRODUCT_BUNDLE_IDENTIFIER = com.forge.ForgeSwift;
				PRODUCT_NAME = "$(TARGET_NAME)";
				SDKROOT = iphoneos;
				SWIFT_EMIT_LOC_STRINGS = YES;
				SWIFT_VERSION = 5.0;
				TARGETED_DEVICE_FAMILY = "1,2";
			};
			name = Debug;
		};
		AA0009000000000000000004 /* Release */ = {
			isa = XCBuildConfiguration;
			buildSettings = {
				ASSETCATALOG_COMPILER_APPICON_NAME = AppIcon;
				ASSETCATALOG_COMPILER_GLOBAL_ACCENT_COLOR_NAME = AccentColor;
				CODE_SIGN_ENTITLEMENTS = ForgeSwift/ForgeSwift.entitlements;
				CODE_SIGN_STYLE = Automatic;
				CURRENT_PROJECT_VERSION = 1;
				DEVELOPMENT_ASSET_PATHS = "";
				ENABLE_PREVIEWS = YES;
				GENERATE_INFOPLIST_FILE = YES;
				INFOPLIST_KEY_CFBundleDisplayName = "Forge ";
				INFOPLIST_KEY_LSApplicationCategoryType = "public.app-category.lifestyle";
				INFOPLIST_KEY_NSAppleMusicUsageDescription = "This allows users to access the vast libraries of Apple Music ";
				INFOPLIST_KEY_NSCameraUsageDescription = "Forge uses the camera to scan food barcodes so you can log meals and nutrition quickly.";
				INFOPLIST_KEY_NSHealthShareUsageDescription = "Forge reads Health app data such as activity, workouts, sleep, heart metrics, body measurements, cycle health, mobility, hydration, and nutrition to personalize training, recovery, and coaching.";
				INFOPLIST_KEY_NSHealthUpdateUsageDescription = "Forge saves workouts, nutrition, hydration, and energy data to the Health app so your fitness history stays complete and personalized.";
				INFOPLIST_KEY_NSLocationWhenInUseUsageDescription = "Forge uses your location to detect nearby restaurants and log meals faster.";
				INFOPLIST_KEY_NSSupportsLiveActivities = YES;
				INFOPLIST_KEY_UIApplicationSceneManifest_Generation = YES;
				INFOPLIST_KEY_UIApplicationSupportsIndirectInputEvents = YES;
				INFOPLIST_KEY_UILaunchScreen_Generation = YES;
				INFOPLIST_KEY_UISupportedInterfaceOrientations = "UIInterfaceOrientationLandscapeLeft UIInterfaceOrientationLandscapeRight UIInterfaceOrientationPortrait UIInterfaceOrientationPortraitUpsideDown";
				IPHONEOS_DEPLOYMENT_TARGET = 17.0;
				LD_RUNPATH_SEARCH_PATHS = (
					"$(inherited)",
					"@executable_path/Frameworks",
				);
				MARKETING_VERSION = 1.0;
				PRODUCT_BUNDLE_IDENTIFIER = com.forge.ForgeSwift;
				PRODUCT_NAME = "$(TARGET_NAME)";
				SDKROOT = iphoneos;
				SWIFT_EMIT_LOC_STRINGS = YES;
				SWIFT_VERSION = 5.0;
				TARGETED_DEVICE_FAMILY = "1,2";
			};
			name = Release;
		};
		F0E100000000000000000001 /* Debug */ = {
			isa = XCBuildConfiguration;
			buildSettings = {
				ASSETCATALOG_COMPILER_APPICON_NAME = AppIcon;
				ASSETCATALOG_COMPILER_GLOBAL_ACCENT_COLOR_NAME = AccentColor;
				CODE_SIGN_ENTITLEMENTS = ForgeWatch/ForgeWatch.entitlements;
				CODE_SIGN_STYLE = Automatic;
				CURRENT_PROJECT_VERSION = 1;
				DEVELOPMENT_TEAM = L85K85Q7MB;
				ENABLE_PREVIEWS = YES;
				GENERATE_INFOPLIST_FILE = YES;
				INFOPLIST_FILE = "ForgeWatch/Info-Add.plist";
				INFOPLIST_KEY_CFBundleDisplayName = Forge;
				INFOPLIST_KEY_NSHealthShareUsageDescription = "Forge reads sleep, heart rate, HRV, activity, and workouts on your watch to compute readiness and tailor mindfulness and training to your day.";
				INFOPLIST_KEY_NSHealthUpdateUsageDescription = "Forge saves Mindful Minutes and workouts from your watch so your Health history stays complete.";
				INFOPLIST_KEY_NSLocationAlwaysAndWhenInUseUsageDescription = "Background location lets Forge notice arriving at familiar places, like your gym, to adapt suggestions. Location never leaves your device.";
				INFOPLIST_KEY_NSLocationWhenInUseUsageDescription = "Forge uses your location to recognize places like your gym or office and suggest context-aware micro-habits. Location never leaves your device.";
				INFOPLIST_KEY_UISupportedInterfaceOrientations = "UIInterfaceOrientationPortrait UIInterfaceOrientationPortraitUpsideDown";
				INFOPLIST_KEY_WKCompanionAppBundleIdentifier = com.forge.ForgeSwift;
				INFOPLIST_KEY_WKRunsIndependentlyOfCompanionApp = YES;
				LD_RUNPATH_SEARCH_PATHS = (
					"$(inherited)",
					"@executable_path/Frameworks",
				);
				MARKETING_VERSION = 1.0;
				PRODUCT_BUNDLE_IDENTIFIER = com.forge.ForgeSwift.watchkitapp;
				PRODUCT_NAME = "$(TARGET_NAME)";
				SDKROOT = watchos;
				SKIP_INSTALL = YES;
				SWIFT_EMIT_LOC_STRINGS = YES;
				SWIFT_VERSION = 5.0;
				TARGETED_DEVICE_FAMILY = 4;
				WATCHOS_DEPLOYMENT_TARGET = 11.6;
			};
			name = Debug;
		};
		F0E100000000000000000002 /* Release */ = {
			isa = XCBuildConfiguration;
			buildSettings = {
				ASSETCATALOG_COMPILER_APPICON_NAME = AppIcon;
				ASSETCATALOG_COMPILER_GLOBAL_ACCENT_COLOR_NAME = AccentColor;
				CODE_SIGN_ENTITLEMENTS = ForgeWatch/ForgeWatch.entitlements;
				CODE_SIGN_STYLE = Automatic;
				CURRENT_PROJECT_VERSION = 1;
				DEVELOPMENT_TEAM = L85K85Q7MB;
				ENABLE_PREVIEWS = YES;
				GENERATE_INFOPLIST_FILE = YES;
				INFOPLIST_FILE = "ForgeWatch/Info-Add.plist";
				INFOPLIST_KEY_CFBundleDisplayName = Forge;
				INFOPLIST_KEY_NSHealthShareUsageDescription = "Forge reads sleep, heart rate, HRV, activity, and workouts on your watch to compute readiness and tailor mindfulness and training to your day.";
				INFOPLIST_KEY_NSHealthUpdateUsageDescription = "Forge saves Mindful Minutes and workouts from your watch so your Health history stays complete.";
				INFOPLIST_KEY_NSLocationAlwaysAndWhenInUseUsageDescription = "Background location lets Forge notice arriving at familiar places, like your gym, to adapt suggestions. Location never leaves your device.";
				INFOPLIST_KEY_NSLocationWhenInUseUsageDescription = "Forge uses your location to recognize places like your gym or office and suggest context-aware micro-habits. Location never leaves your device.";
				INFOPLIST_KEY_UISupportedInterfaceOrientations = "UIInterfaceOrientationPortrait UIInterfaceOrientationPortraitUpsideDown";
				INFOPLIST_KEY_WKCompanionAppBundleIdentifier = com.forge.ForgeSwift;
				INFOPLIST_KEY_WKRunsIndependentlyOfCompanionApp = YES;
				LD_RUNPATH_SEARCH_PATHS = (
					"$(inherited)",
					"@executable_path/Frameworks",
				);
				MARKETING_VERSION = 1.0;
				PRODUCT_BUNDLE_IDENTIFIER = com.forge.ForgeSwift.watchkitapp;
				PRODUCT_NAME = "$(TARGET_NAME)";
				SDKROOT = watchos;
				SKIP_INSTALL = YES;
				SWIFT_EMIT_LOC_STRINGS = YES;
				SWIFT_VERSION = 5.0;
				TARGETED_DEVICE_FAMILY = 4;
				WATCHOS_DEPLOYMENT_TARGET = 11.6;
			};
			name = Release;
		};
		F0E100000000000000000003 /* Debug */ = {
			isa = XCBuildConfiguration;
			buildSettings = {
				CODE_SIGN_ENTITLEMENTS = ForgeWatch/Complications/ForgeWatchWidgets.entitlements;
				CODE_SIGN_STYLE = Automatic;
				CURRENT_PROJECT_VERSION = 1;
				DEVELOPMENT_TEAM = L85K85Q7MB;
				GENERATE_INFOPLIST_FILE = YES;
				INFOPLIST_FILE = ForgeWatch/Complications/Info.plist;
				INFOPLIST_KEY_CFBundleDisplayName = "Forge Complications";
				LD_RUNPATH_SEARCH_PATHS = (
					"$(inherited)",
					"@executable_path/Frameworks",
					"@executable_path/../../Frameworks",
				);
				MARKETING_VERSION = 1.0;
				PRODUCT_BUNDLE_IDENTIFIER = com.forge.ForgeSwift.watchkitapp.widgets;
				PRODUCT_NAME = "$(TARGET_NAME)";
				SDKROOT = watchos;
				SKIP_INSTALL = YES;
				SWIFT_EMIT_LOC_STRINGS = YES;
				SWIFT_VERSION = 5.0;
				TARGETED_DEVICE_FAMILY = 4;
				WATCHOS_DEPLOYMENT_TARGET = 11.0;
			};
			name = Debug;
		};
		F0E100000000000000000004 /* Release */ = {
			isa = XCBuildConfiguration;
			buildSettings = {
				CODE_SIGN_ENTITLEMENTS = ForgeWatch/Complications/ForgeWatchWidgets.entitlements;
				CODE_SIGN_STYLE = Automatic;
				CURRENT_PROJECT_VERSION = 1;
				DEVELOPMENT_TEAM = L85K85Q7MB;
				GENERATE_INFOPLIST_FILE = YES;
				INFOPLIST_FILE = ForgeWatch/Complications/Info.plist;
				INFOPLIST_KEY_CFBundleDisplayName = "Forge Complications";
				LD_RUNPATH_SEARCH_PATHS = (
					"$(inherited)",
					"@executable_path/Frameworks",
					"@executable_path/../../Frameworks",
				);
				MARKETING_VERSION = 1.0;
				PRODUCT_BUNDLE_IDENTIFIER = com.forge.ForgeSwift.watchkitapp.widgets;
				PRODUCT_NAME = "$(TARGET_NAME)";
				SDKROOT = watchos;
				SKIP_INSTALL = YES;
				SWIFT_EMIT_LOC_STRINGS = YES;
				SWIFT_VERSION = 5.0;
				TARGETED_DEVICE_FAMILY = 4;
				WATCHOS_DEPLOYMENT_TARGET = 11.0;
			};
			name = Release;
		};
		F0E100000000000000000005 /* Debug */ = {
			isa = XCBuildConfiguration;
			buildSettings = {
				CODE_SIGN_ENTITLEMENTS = ForgeWidgetExtension/ForgeWidgetExtension.entitlements;
				CODE_SIGN_STYLE = Automatic;
				CURRENT_PROJECT_VERSION = 1;
				DEVELOPMENT_TEAM = L85K85Q7MB;
				GENERATE_INFOPLIST_FILE = YES;
				INFOPLIST_FILE = ForgeWidgetExtension/Info.plist;
				INFOPLIST_KEY_CFBundleDisplayName = "Forge Widgets";
				IPHONEOS_DEPLOYMENT_TARGET = 17.0;
				LD_RUNPATH_SEARCH_PATHS = (
					"$(inherited)",
					"@executable_path/Frameworks",
					"@executable_path/../../Frameworks",
				);
				MARKETING_VERSION = 1.0;
				PRODUCT_BUNDLE_IDENTIFIER = com.forge.ForgeSwift.widgets;
				PRODUCT_NAME = "$(TARGET_NAME)";
				SDKROOT = iphoneos;
				SKIP_INSTALL = YES;
				SWIFT_EMIT_LOC_STRINGS = YES;
				SWIFT_VERSION = 5.0;
				TARGETED_DEVICE_FAMILY = "1,2";
			};
			name = Debug;
		};
		F0E100000000000000000006 /* Release */ = {
			isa = XCBuildConfiguration;
			buildSettings = {
				CODE_SIGN_ENTITLEMENTS = ForgeWidgetExtension/ForgeWidgetExtension.entitlements;
				CODE_SIGN_STYLE = Automatic;
				CURRENT_PROJECT_VERSION = 1;
				DEVELOPMENT_TEAM = L85K85Q7MB;
				GENERATE_INFOPLIST_FILE = YES;
				INFOPLIST_FILE = ForgeWidgetExtension/Info.plist;
				INFOPLIST_KEY_CFBundleDisplayName = "Forge Widgets";
				IPHONEOS_DEPLOYMENT_TARGET = 17.0;
				LD_RUNPATH_SEARCH_PATHS = (
					"$(inherited)",
					"@executable_path/Frameworks",
					"@executable_path/../../Frameworks",
				);
				MARKETING_VERSION = 1.0;
				PRODUCT_BUNDLE_IDENTIFIER = com.forge.ForgeSwift.widgets;
				PRODUCT_NAME = "$(TARGET_NAME)";
				SDKROOT = iphoneos;
				SKIP_INSTALL = YES;
				SWIFT_EMIT_LOC_STRINGS = YES;
				SWIFT_VERSION = 5.0;
				TARGETED_DEVICE_FAMILY = "1,2";
			};
			name = Release;
		};
/* End XCBuildConfiguration section */

/* Begin XCConfigurationList section */
		AA0006000000000000000001 /* Build configuration list for PBXProject "ForgeSwift" */ = {
			isa = XCConfigurationList;
			buildConfigurations = (
				AA0009000000000000000001 /* Debug */,
				AA0009000000000000000002 /* Release */,
			);
			defaultConfigurationIsVisible = 0;
			defaultConfigurationName = Debug;
		};
		AA0006000000000000000002 /* Build configuration list for PBXNativeTarget "ForgeSwift" */ = {
			isa = XCConfigurationList;
			buildConfigurations = (
				AA0009000000000000000003 /* Debug */,
				AA0009000000000000000004 /* Release */,
			);
			defaultConfigurationIsVisible = 0;
			defaultConfigurationName = Debug;
		};
		F0E200000000000000000001 /* Build configuration list for PBXNativeTarget "ForgeWatch" */ = {
			isa = XCConfigurationList;
			buildConfigurations = (
				F0E100000000000000000001 /* Debug */,
				F0E100000000000000000002 /* Release */,
			);
			defaultConfigurationIsVisible = 0;
			defaultConfigurationName = Debug;
		};
		F0E200000000000000000002 /* Build configuration list for PBXNativeTarget "ForgeWatchWidgets" */ = {
			isa = XCConfigurationList;
			buildConfigurations = (
				F0E100000000000000000003 /* Debug */,
				F0E100000000000000000004 /* Release */,
			);
			defaultConfigurationIsVisible = 0;
			defaultConfigurationName = Debug;
		};
		F0E200000000000000000003 /* Build configuration list for PBXNativeTarget "ForgeWidgetExtension" */ = {
			isa = XCConfigurationList;
			buildConfigurations = (
				F0E100000000000000000005 /* Debug */,
				F0E100000000000000000006 /* Release */,
			);
			defaultConfigurationIsVisible = 0;
			defaultConfigurationName = Debug;
		};
/* End XCConfigurationList section */

/* Begin XCSwiftPackageProductDependency section */
		F0F200000000000000000001 /* ForgeCore */ = {
			isa = XCSwiftPackageProductDependency;
			productName = ForgeCore;
		};
		F0F200000000000000000002 /* ForgeCore */ = {
			isa = XCSwiftPackageProductDependency;
			productName = ForgeCore;
		};
		F0F200000000000000000003 /* ForgeCore */ = {
			isa = XCSwiftPackageProductDependency;
			productName = ForgeCore;
		};
		F0F200000000000000000004 /* ForgeCore */ = {
			isa = XCSwiftPackageProductDependency;
			productName = ForgeCore;
		};
/* End XCSwiftPackageProductDependency section */
	};
	rootObject = AA0008000000000000000001 /* Project object */;
}
