// !$*UTF8*$!
{
	archiveVersion = 1;
	classes = {
	};
	objectVersion = 56;
	objects = {

/* Begin PBXBuildFile section */
		1E0DCBA72FA476C600A9C6F3 /* AuroraOrbComponents.swift in Sources */ = {isa = PBXBuildFile; fileRef = 1E0DCBA62FA476C600A9C6F3 /* AuroraOrbComponents.swift */; };
		1E4DF70B2F9FAEEC004091AA /* MusicControllerFactory.swift in Sources */ = {isa = PBXBuildFile; fileRef = 1E4DF70A2F9FAEEC004091AA /* MusicControllerFactory.swift */; };
		1E4DF7162F9FF867004091AA /* HealthKitManager.swift in Sources */ = {isa = PBXBuildFile; fileRef = 1E4DF7152F9FF867004091AA /* HealthKitManager.swift */; };
		1ELHR0012FAA000100000001 /* LiveHeartRateMonitor.swift in Sources */ = {isa = PBXBuildFile; fileRef = 1ELHR0022FAA000100000001 /* LiveHeartRateMonitor.swift */; };
		1ESLP0012FAA000100000001 /* ForgeSleepProductManager.swift in Sources */ = {isa = PBXBuildFile; fileRef = 1ESLP0022FAA000100000001 /* ForgeSleepProductManager.swift */; };
		1EGAM0012FAA000100000001 /* ChatGamificationStore.swift in Sources */ = {isa = PBXBuildFile; fileRef = 1EGAM0022FAA000100000001 /* ChatGamificationStore.swift */; };
		1E4DF7182F9FF889004091AA /* OnboardingHealthKitViews.swift in Sources */ = {isa = PBXBuildFile; fileRef = 1E4DF7172F9FF889004091AA /* OnboardingHealthKitViews.swift */; };
		1E4DF71A2F9FFA70004091AA /* OnboardingDataManager.swift in Sources */ = {isa = PBXBuildFile; fileRef = 1E4DF7192F9FFA70004091AA /* OnboardingDataManager.swift */; };
		1E4DF71C2F9FFAAA004091AA /* EnhancedDataConnectionView.swift in Sources */ = {isa = PBXBuildFile; fileRef = 1E4DF71B2F9FFAAA004091AA /* EnhancedDataConnectionView.swift */; };
		1E4DF71E2F9FFAE1004091AA /* SmartProfileSetupView.swift in Sources */ = {isa = PBXBuildFile; fileRef = 1E4DF71D2F9FFAE1004091AA /* SmartProfileSetupView.swift */; };
		1E4DF7242F9FFB29004091AA /* ColorExtensions.swift in Sources */ = {isa = PBXBuildFile; fileRef = 1E4DF7232F9FFB29004091AA /* ColorExtensions.swift */; };
		1E7A68E62FA2FD6600B0DD08 /* ForgeDesignSystem.swift in Sources */ = {isa = PBXBuildFile; fileRef = 1E7A68E52FA2FD6500B0DD08 /* ForgeDesignSystem.swift */; };
		1EFDH0012FAA000100000001 /* ForgeDateHelpers.swift in Sources */ = {isa = PBXBuildFile; fileRef = 1EFDH0022FAA000100000001 /* ForgeDateHelpers.swift */; };
		1E7A68E82FA31E6E00B0DD08 /* View+ForgeCardShadow.swift in Sources */ = {isa = PBXBuildFile; fileRef = 1E7A68E72FA31E6E00B0DD08 /* View+ForgeCardShadow.swift */; };
		1E9C57122F915D9800F365E3 /* VoiceCoachManager.swift in Sources */ = {isa = PBXBuildFile; fileRef = 1E9C57112F915D9800F365E3 /* VoiceCoachManager.swift */; };
		1E9C57142F915DB900F365E3 /* VoiceCoachViews.swift in Sources */ = {isa = PBXBuildFile; fileRef = 1E9C57132F915DB900F365E3 /* VoiceCoachViews.swift */; };
		1E9C57162F91607F00F365E3 /* VoiceCoachIntegration.swift in Sources */ = {isa = PBXBuildFile; fileRef = 1E9C57152F91607F00F365E3 /* VoiceCoachIntegration.swift */; };
		1ED842E32F90C15300693D3E /* LifestyleView.swift in Sources */ = {isa = PBXBuildFile; fileRef = 1ED842E22F90C15300693D3E /* LifestyleView.swift */; };
		431257DB19094CB18CB7E678 /* ForgeAPIClient.swift in Sources */ = {isa = PBXBuildFile; fileRef = ECF1DD20A49A46198C376D8F /* ForgeAPIClient.swift */; };
		431C4CCF7EA64BD0B0A10886 /* APIConfig.swift in Sources */ = {isa = PBXBuildFile; fileRef = ED6B6344B1694DB7B524EFEC /* APIConfig.swift */; };
		6F602A203C4547B4B4CCBAE8 /* CognitoAuthManager.swift in Sources */ = {isa = PBXBuildFile; fileRef = FA1C55D909AC4D60BF6969D3 /* CognitoAuthManager.swift */; };
		C0GN1T0K5UPP0RT000000001 /* CognitoTokenSupport.swift in Sources */ = {isa = PBXBuildFile; fileRef = C0GN1T0K5UPP0RT000000002 /* CognitoTokenSupport.swift */; };
		AA0001000000000000000001 /* ForgeSwiftApp.swift in Sources */ = {isa = PBXBuildFile; fileRef = AA0002000000000000000001 /* ForgeSwiftApp.swift */; };
		AA0001000000000000000002 /* Theme.swift in Sources */ = {isa = PBXBuildFile; fileRef = AA0002000000000000000002 /* Theme.swift */; };
		AA0001000000000000000003 /* Models.swift in Sources */ = {isa = PBXBuildFile; fileRef = AA0002000000000000000003 /* Models.swift */; };
		AA0001000000000000000004 /* AppStore.swift in Sources */ = {isa = PBXBuildFile; fileRef = AA0002000000000000000004 /* AppStore.swift */; };
		AA0001000000000000000005 /* ContentView.swift in Sources */ = {isa = PBXBuildFile; fileRef = AA0002000000000000000005 /* ContentView.swift */; };
		AA0001000000000000000006 /* OnboardingView.swift in Sources */ = {isa = PBXBuildFile; fileRef = AA0002000000000000000006 /* OnboardingView.swift */; };
		AA0001000000000000000007 /* HomeView.swift in Sources */ = {isa = PBXBuildFile; fileRef = AA0002000000000000000007 /* HomeView.swift */; };
		AA0001000000000000000008 /* ChatView.swift in Sources */ = {isa = PBXBuildFile; fileRef = AA0002000000000000000008 /* ChatView.swift */; };
		AA0001000000000000000009 /* WorkoutView.swift in Sources */ = {isa = PBXBuildFile; fileRef = AA0002000000000000000009 /* WorkoutView.swift */; };
		AA000100000000000000000A /* SleepView.swift in Sources */ = {isa = PBXBuildFile; fileRef = AA000200000000000000000A /* SleepView.swift */; };
		AA000100000000000000000B /* ProfileView.swift in Sources */ = {isa = PBXBuildFile; fileRef = AA000200000000000000000B /* ProfileView.swift */; };
		AA000100000000000000000C /* Assets.xcassets in Resources */ = {isa = PBXBuildFile; fileRef = AA000200000000000000000C /* Assets.xcassets */; };
		AA000100000000000000000D /* OnboardingCoordinator.swift in Sources */ = {isa = PBXBuildFile; fileRef = AA000200000000000000000E /* OnboardingCoordinator.swift */; };
		B1A2C3D42FAA000100000001 /* ForgePersistence.swift in Sources */ = {isa = PBXBuildFile; fileRef = B1A2C3D32FAA000100000001 /* ForgePersistence.swift */; };
		B1A2C3D62FAA000100000001 /* DataStatusBanner.swift in Sources */ = {isa = PBXBuildFile; fileRef = B1A2C3D52FAA000100000001 /* DataStatusBanner.swift */; };
		B1A2C3D82FAA000100000002 /* IntegrationModels.swift in Sources */ = {isa = PBXBuildFile; fileRef = B1A2C3D72FAA000100000002 /* IntegrationModels.swift */; };
		B1A2C3DA2FAA000100000002 /* DeviceConnectManager.swift in Sources */ = {isa = PBXBuildFile; fileRef = B1A2C3D92FAA000100000002 /* DeviceConnectManager.swift */; };
		B1A2C3DC2FAA000100000002 /* ConnectedDevicesSheet.swift in Sources */ = {isa = PBXBuildFile; fileRef = B1A2C3DB2FAA000100000002 /* ConnectedDevicesSheet.swift */; };
		E48AF49526D542AAB9F538A3 /* ForgeRepository.swift in Sources */ = {isa = PBXBuildFile; fileRef = 5EAE4121ECA14B139B76210A /* ForgeRepository.swift */; };
		ARIAHS0012FAA000100000001 /* HealthSyncCoordinator.swift in Sources */ = {isa = PBXBuildFile; fileRef = ARIAHS0022FAA000100000001 /* HealthSyncCoordinator.swift */; };
		ARIACE0012FAA000100000001 /* ConclusionsEngine.swift in Sources */ = {isa = PBXBuildFile; fileRef = ARIACE0022FAA000100000001 /* ConclusionsEngine.swift */; };
		WGT1001000000000000000001 /* ForgeSharedData.swift in Sources */ = {isa = PBXBuildFile; fileRef = WGT1002000000000000000001 /* ForgeSharedData.swift */; };
		WGT1001000000000000000002 /* ForgeEmptyState.swift in Sources */ = {isa = PBXBuildFile; fileRef = WGT1002000000000000000002 /* ForgeEmptyState.swift */; };
		WGT1001000000000000000003 /* ForgeActivityAttributes.swift in Sources */ = {isa = PBXBuildFile; fileRef = WGT1002000000000000000003 /* ForgeActivityAttributes.swift */; };
		WGT1001000000000000000010 /* ForgeWidgets.swift in Sources */ = {isa = PBXBuildFile; fileRef = WGT1002000000000000000010 /* ForgeWidgets.swift */; };
		WGT1001000000000000000011 /* ForgeWidgetShared.swift in Sources */ = {isa = PBXBuildFile; fileRef = WGT1002000000000000000011 /* ForgeWidgetShared.swift */; };
		WGT1001000000000000000012 /* ForgeActivityAttributes.swift in Sources */ = {isa = PBXBuildFile; fileRef = WGT1002000000000000000012 /* ForgeActivityAttributes.swift */; };
		WGT1001000000000000000020 /* ForgeWidgetExtension.appex in Embed Foundation Extensions */ = {isa = PBXBuildFile; fileRef = WGT100200000000000000000D /* ForgeWidgetExtension.appex */; settings = {ATTRIBUTES = (RemoveHeadersOnCopy, ); }; };
		WCH1001000000000000000001 /* ForgeWatchApp.swift in Sources */ = {isa = PBXBuildFile; fileRef = WCH1002000000000000000001 /* ForgeWatchApp.swift */; };
		WCH1001000000000000000002 /* ForgeWatchContentView.swift in Sources */ = {isa = PBXBuildFile; fileRef = WCH1002000000000000000002 /* ForgeWatchContentView.swift */; };
		WCH1001000000000000000003 /* ForgeWatchWorkoutSessionManager.swift in Sources */ = {isa = PBXBuildFile; fileRef = WCH1002000000000000000003 /* ForgeWatchWorkoutSessionManager.swift */; };
		WCH1001000000000000000004 /* ForgeWatchConnectivityManager.swift in Sources */ = {isa = PBXBuildFile; fileRef = WCH1002000000000000000004 /* ForgeWatchConnectivityManager.swift */; };
		WCH1001000000000000000005 /* ForgeWatchVitalsBridge.swift in Sources */ = {isa = PBXBuildFile; fileRef = WCH1002000000000000000005 /* ForgeWatchVitalsBridge.swift */; };
		WCH1001000000000000000006 /* Assets.xcassets in Resources */ = {isa = PBXBuildFile; fileRef = WCH1002000000000000000006 /* Assets.xcassets */; };
		WCH1001000000000000000007 /* ForgeWatch.app in Embed Watch Content */ = {isa = PBXBuildFile; fileRef = WCH1002000000000000000007 /* ForgeWatch.app */; settings = {ATTRIBUTES = (RemoveHeadersOnCopy, ); }; };
		WCH1001000000000000000010 /* ForgeWatchVitalsBridge.swift in Sources */ = {isa = PBXBuildFile; fileRef = WCH1002000000000000000005 /* ForgeWatchVitalsBridge.swift */; };
		WCH1001000000000000000011 /* ForgePhoneWatchConnectivity.swift in Sources */ = {isa = PBXBuildFile; fileRef = WCH1002000000000000000010 /* ForgePhoneWatchConnectivity.swift */; };
/* End PBXBuildFile section */

/* Begin PBXFileReference section */
		1E0DCBA62FA476C600A9C6F3 /* AuroraOrbComponents.swift */ = {isa = PBXFileReference; lastKnownFileType = sourcecode.swift; path = AuroraOrbComponents.swift; sourceTree = "<group>"; };
		1E4DF70A2F9FAEEC004091AA /* MusicControllerFactory.swift */ = {isa = PBXFileReference; fileEncoding = 4; lastKnownFileType = sourcecode.swift; path = MusicControllerFactory.swift; sourceTree = "<group>"; };
		1E4DF70C2F9FEC33004091AA /* ForgeSwift.entitlements */ = {isa = PBXFileReference; lastKnownFileType = text.plist.entitlements; path = ForgeSwift.entitlements; sourceTree = "<group>"; };
		1E4DF7152F9FF867004091AA /* HealthKitManager.swift */ = {isa = PBXFileReference; lastKnownFileType = sourcecode.swift; path = HealthKitManager.swift; sourceTree = "<group>"; };
		1ELHR0022FAA000100000001 /* LiveHeartRateMonitor.swift */ = {isa = PBXFileReference; lastKnownFileType = sourcecode.swift; path = LiveHeartRateMonitor.swift; sourceTree = "<group>"; };
		1ESLP0022FAA000100000001 /* ForgeSleepProductManager.swift */ = {isa = PBXFileReference; lastKnownFileType = sourcecode.swift; path = ForgeSleepProductManager.swift; sourceTree = "<group>"; };
		1EGAM0022FAA000100000001 /* ChatGamificationStore.swift */ = {isa = PBXFileReference; lastKnownFileType = sourcecode.swift; path = ChatGamificationStore.swift; sourceTree = "<group>"; };
		1E4DF7172F9FF889004091AA /* OnboardingHealthKitViews.swift */ = {isa = PBXFileReference; lastKnownFileType = sourcecode.swift; path = OnboardingHealthKitViews.swift; sourceTree = "<group>"; };
		1E4DF7192F9FFA70004091AA /* OnboardingDataManager.swift */ = {isa = PBXFileReference; lastKnownFileType = sourcecode.swift; path = OnboardingDataManager.swift; sourceTree = "<group>"; };
		1E4DF71B2F9FFAAA004091AA /* EnhancedDataConnectionView.swift */ = {isa = PBXFileReference; lastKnownFileType = sourcecode.swift; path = EnhancedDataConnectionView.swift; sourceTree = "<group>"; };
		1E4DF71D2F9FFAE1004091AA /* SmartProfileSetupView.swift */ = {isa = PBXFileReference; lastKnownFileType = sourcecode.swift; path = SmartProfileSetupView.swift; sourceTree = "<group>"; };
		1E4DF7232F9FFB29004091AA /* ColorExtensions.swift */ = {isa = PBXFileReference; lastKnownFileType = sourcecode.swift; path = ColorExtensions.swift; sourceTree = "<group>"; };
		1E7A68E52FA2FD6500B0DD08 /* ForgeDesignSystem.swift */ = {isa = PBXFileReference; lastKnownFileType = sourcecode.swift; path = ForgeDesignSystem.swift; sourceTree = "<group>"; };
		1EFDH0022FAA000100000001 /* ForgeDateHelpers.swift */ = {isa = PBXFileReference; lastKnownFileType = sourcecode.swift; path = ForgeDateHelpers.swift; sourceTree = "<group>"; };
		1E7A68E72FA31E6E00B0DD08 /* View+ForgeCardShadow.swift */ = {isa = PBXFileReference; lastKnownFileType = sourcecode.swift; path = "View+ForgeCardShadow.swift"; sourceTree = "<group>"; };
		1E9C57112F915D9800F365E3 /* VoiceCoachManager.swift */ = {isa = PBXFileReference; lastKnownFileType = sourcecode.swift; path = VoiceCoachManager.swift; sourceTree = "<group>"; };
		1E9C57132F915DB900F365E3 /* VoiceCoachViews.swift */ = {isa = PBXFileReference; lastKnownFileType = sourcecode.swift; path = VoiceCoachViews.swift; sourceTree = "<group>"; };
		1E9C57152F91607F00F365E3 /* VoiceCoachIntegration.swift */ = {isa = PBXFileReference; lastKnownFileType = sourcecode.swift; path = VoiceCoachIntegration.swift; sourceTree = "<group>"; };
		1ED842E22F90C15300693D3E /* LifestyleView.swift */ = {isa = PBXFileReference; lastKnownFileType = sourcecode.swift; path = LifestyleView.swift; sourceTree = "<group>"; };
		5EAE4121ECA14B139B76210A /* ForgeRepository.swift */ = {isa = PBXFileReference; lastKnownFileType = sourcecode.swift; path = ForgeRepository.swift; sourceTree = "<group>"; };
		ARIAHS0022FAA000100000001 /* HealthSyncCoordinator.swift */ = {isa = PBXFileReference; lastKnownFileType = sourcecode.swift; path = Sync/HealthSyncCoordinator.swift; sourceTree = "<group>"; };
		ARIACE0022FAA000100000001 /* ConclusionsEngine.swift */ = {isa = PBXFileReference; lastKnownFileType = sourcecode.swift; path = Evaluation/ConclusionsEngine.swift; sourceTree = "<group>"; };
		AA0002000000000000000001 /* ForgeSwiftApp.swift */ = {isa = PBXFileReference; lastKnownFileType = sourcecode.swift; path = ForgeSwiftApp.swift; sourceTree = "<group>"; };
		AA0002000000000000000002 /* Theme.swift */ = {isa = PBXFileReference; lastKnownFileType = sourcecode.swift; path = Theme.swift; sourceTree = "<group>"; };
		AA0002000000000000000003 /* Models.swift */ = {isa = PBXFileReference; lastKnownFileType = sourcecode.swift; path = Models.swift; sourceTree = "<group>"; };
		AA0002000000000000000004 /* AppStore.swift */ = {isa = PBXFileReference; lastKnownFileType = sourcecode.swift; path = AppStore.swift; sourceTree = "<group>"; };
		AA0002000000000000000005 /* ContentView.swift */ = {isa = PBXFileReference; lastKnownFileType = sourcecode.swift; path = ContentView.swift; sourceTree = "<group>"; };
		AA0002000000000000000006 /* OnboardingView.swift */ = {isa = PBXFileReference; lastKnownFileType = sourcecode.swift; path = OnboardingView.swift; sourceTree = "<group>"; };
		AA0002000000000000000007 /* HomeView.swift */ = {isa = PBXFileReference; lastKnownFileType = sourcecode.swift; path = HomeView.swift; sourceTree = "<group>"; };
		AA0002000000000000000008 /* ChatView.swift */ = {isa = PBXFileReference; lastKnownFileType = sourcecode.swift; path = ChatView.swift; sourceTree = "<group>"; };
		AA0002000000000000000009 /* WorkoutView.swift */ = {isa = PBXFileReference; lastKnownFileType = sourcecode.swift; path = WorkoutView.swift; sourceTree = "<group>"; };
		AA000200000000000000000A /* SleepView.swift */ = {isa = PBXFileReference; lastKnownFileType = sourcecode.swift; path = SleepView.swift; sourceTree = "<group>"; };
		AA000200000000000000000B /* ProfileView.swift */ = {isa = PBXFileReference; lastKnownFileType = sourcecode.swift; path = ProfileView.swift; sourceTree = "<group>"; };
		AA000200000000000000000C /* Assets.xcassets */ = {isa = PBXFileReference; lastKnownFileType = folder.assetcatalog; path = Assets.xcassets; sourceTree = "<group>"; };
		AA000200000000000000000D /* ForgeSwift.app */ = {isa = PBXFileReference; explicitFileType = wrapper.application; includeInIndex = 0; path = ForgeSwift.app; sourceTree = BUILT_PRODUCTS_DIR; };
		AA000200000000000000000E /* OnboardingCoordinator.swift */ = {isa = PBXFileReference; lastKnownFileType = sourcecode.swift; path = OnboardingCoordinator.swift; sourceTree = "<group>"; };
		B1A2C3D32FAA000100000001 /* ForgePersistence.swift */ = {isa = PBXFileReference; lastKnownFileType = sourcecode.swift; path = ForgePersistence.swift; sourceTree = "<group>"; };
		B1A2C3D52FAA000100000001 /* DataStatusBanner.swift */ = {isa = PBXFileReference; lastKnownFileType = sourcecode.swift; path = DataStatusBanner.swift; sourceTree = "<group>"; };
		B1A2C3D72FAA000100000002 /* IntegrationModels.swift */ = {isa = PBXFileReference; lastKnownFileType = sourcecode.swift; path = IntegrationModels.swift; sourceTree = "<group>"; };
		B1A2C3D92FAA000100000002 /* DeviceConnectManager.swift */ = {isa = PBXFileReference; lastKnownFileType = sourcecode.swift; path = DeviceConnectManager.swift; sourceTree = "<group>"; };
		B1A2C3DB2FAA000100000002 /* ConnectedDevicesSheet.swift */ = {isa = PBXFileReference; lastKnownFileType = sourcecode.swift; path = ConnectedDevicesSheet.swift; sourceTree = "<group>"; };
		B1A2C3DD2FAA000100000002 /* Forge-Info.plist */ = {isa = PBXFileReference; lastKnownFileType = text.plist.xml; path = "Forge-Info.plist"; sourceTree = "<group>"; };
		C0NFIG01F0RGEDEBUG00000001 /* Forge-Debug.xcconfig */ = {isa = PBXFileReference; lastKnownFileType = text.xcconfig; path = "Forge-Debug.xcconfig"; sourceTree = "<group>"; };
		C0NFIG01FORGERELEASE0000001 /* Forge-Release.xcconfig */ = {isa = PBXFileReference; lastKnownFileType = text.xcconfig; path = "Forge-Release.xcconfig"; sourceTree = "<group>"; };
		ECF1DD20A49A46198C376D8F /* ForgeAPIClient.swift */ = {isa = PBXFileReference; lastKnownFileType = sourcecode.swift; path = ForgeAPIClient.swift; sourceTree = "<group>"; };
		ED6B6344B1694DB7B524EFEC /* APIConfig.swift */ = {isa = PBXFileReference; lastKnownFileType = sourcecode.swift; path = APIConfig.swift; sourceTree = "<group>"; };
		FA1C55D909AC4D60BF6969D3 /* CognitoAuthManager.swift */ = {isa = PBXFileReference; lastKnownFileType = sourcecode.swift; path = CognitoAuthManager.swift; sourceTree = "<group>"; };
		C0GN1T0K5UPP0RT000000002 /* CognitoTokenSupport.swift */ = {isa = PBXFileReference; lastKnownFileType = sourcecode.swift; path = CognitoTokenSupport.swift; sourceTree = "<group>"; };
		WGT1002000000000000000001 /* ForgeSharedData.swift */ = {isa = PBXFileReference; lastKnownFileType = sourcecode.swift; path = ForgeSharedData.swift; sourceTree = "<group>"; };
		WGT1002000000000000000002 /* ForgeEmptyState.swift */ = {isa = PBXFileReference; lastKnownFileType = sourcecode.swift; path = ForgeEmptyState.swift; sourceTree = "<group>"; };
		WGT1002000000000000000003 /* ForgeActivityAttributes.swift */ = {isa = PBXFileReference; lastKnownFileType = sourcecode.swift; path = ForgeActivityAttributes.swift; sourceTree = "<group>"; };
		WGT100200000000000000000D /* ForgeWidgetExtension.appex */ = {isa = PBXFileReference; explicitFileType = "wrapper.app-extension"; includeInIndex = 0; path = ForgeWidgetExtension.appex; sourceTree = BUILT_PRODUCTS_DIR; };
		WGT1002000000000000000010 /* ForgeWidgets.swift */ = {isa = PBXFileReference; lastKnownFileType = sourcecode.swift; path = ForgeWidgets.swift; sourceTree = "<group>"; };
		WGT1002000000000000000011 /* ForgeWidgetShared.swift */ = {isa = PBXFileReference; lastKnownFileType = sourcecode.swift; path = ForgeWidgetShared.swift; sourceTree = "<group>"; };
		WGT1002000000000000000012 /* ForgeActivityAttributes.swift */ = {isa = PBXFileReference; lastKnownFileType = sourcecode.swift; path = ForgeActivityAttributes.swift; sourceTree = "<group>"; };
		WGT1002000000000000000013 /* Info.plist */ = {isa = PBXFileReference; lastKnownFileType = text.plist.xml; path = Info.plist; sourceTree = "<group>"; };
		WGT1002000000000000000014 /* ForgeWidgetExtension.entitlements */ = {isa = PBXFileReference; lastKnownFileType = text.plist.entitlements; path = ForgeWidgetExtension.entitlements; sourceTree = "<group>"; };
		WCH1002000000000000000001 /* ForgeWatchApp.swift */ = {isa = PBXFileReference; lastKnownFileType = sourcecode.swift; path = ForgeWatchApp.swift; sourceTree = "<group>"; };
		WCH1002000000000000000002 /* ForgeWatchContentView.swift */ = {isa = PBXFileReference; lastKnownFileType = sourcecode.swift; path = ForgeWatchContentView.swift; sourceTree = "<group>"; };
		WCH1002000000000000000003 /* ForgeWatchWorkoutSessionManager.swift */ = {isa = PBXFileReference; lastKnownFileType = sourcecode.swift; path = ForgeWatchWorkoutSessionManager.swift; sourceTree = "<group>"; };
		WCH1002000000000000000004 /* ForgeWatchConnectivityManager.swift */ = {isa = PBXFileReference; lastKnownFileType = sourcecode.swift; path = ForgeWatchConnectivityManager.swift; sourceTree = "<group>"; };
		WCH1002000000000000000005 /* ForgeWatchVitalsBridge.swift */ = {isa = PBXFileReference; lastKnownFileType = sourcecode.swift; path = ForgeWatchVitalsBridge.swift; sourceTree = "<group>"; };
		WCH1002000000000000000006 /* Assets.xcassets */ = {isa = PBXFileReference; lastKnownFileType = folder.assetcatalog; path = Assets.xcassets; sourceTree = "<group>"; };
		WCH1002000000000000000007 /* ForgeWatch.app */ = {isa = PBXFileReference; explicitFileType = wrapper.application; includeInIndex = 0; path = ForgeWatch.app; sourceTree = BUILT_PRODUCTS_DIR; };
		WCH1002000000000000000008 /* ForgeWatch.entitlements */ = {isa = PBXFileReference; lastKnownFileType = text.plist.entitlements; path = ForgeWatch.entitlements; sourceTree = "<group>"; };
		WCH1002000000000000000009 /* Info.plist */ = {isa = PBXFileReference; lastKnownFileType = text.plist.xml; path = Info.plist; sourceTree = "<group>"; };
		WCH1002000000000000000010 /* ForgePhoneWatchConnectivity.swift */ = {isa = PBXFileReference; lastKnownFileType = sourcecode.swift; path = ForgePhoneWatchConnectivity.swift; sourceTree = "<group>"; };
/* End PBXFileReference section */

/* Begin PBXCopyFilesBuildPhase section */
		WGT1007000000000000000003 /* Embed Foundation Extensions */ = {
			isa = PBXCopyFilesBuildPhase;
			buildActionMask = 2147483647;
			dstPath = "";
			dstSubfolderSpec = 13;
			files = (
				WGT1001000000000000000020 /* ForgeWidgetExtension.appex in Embed Foundation Extensions */,
			);
			name = "Embed Foundation Extensions";
			runOnlyForDeploymentPostprocessing = 0;
		};
		WCH1007000000000000000004 /* Embed Watch Content */ = {
			isa = PBXCopyFilesBuildPhase;
			buildActionMask = 2147483647;
			dstPath = "$(CONTENTS_FOLDER_PATH)/Watch";
			dstSubfolderSpec = 16;
			files = (
				WCH1001000000000000000007 /* ForgeWatch.app in Embed Watch Content */,
			);
			name = "Embed Watch Content";
			runOnlyForDeploymentPostprocessing = 0;
		};
/* End PBXCopyFilesBuildPhase section */

/* Begin PBXFrameworksBuildPhase section */
		AA0003000000000000000001 /* Frameworks */ = {
			isa = PBXFrameworksBuildPhase;
			buildActionMask = 2147483647;
			files = (
			);
			runOnlyForDeploymentPostprocessing = 0;
		};
		WGT1003000000000000000002 /* Frameworks */ = {
			isa = PBXFrameworksBuildPhase;
			buildActionMask = 2147483647;
			files = (
			);
			runOnlyForDeploymentPostprocessing = 0;
		};
		WCH1003000000000000000001 /* Frameworks */ = {
			isa = PBXFrameworksBuildPhase;
			buildActionMask = 2147483647;
			files = (
			);
			runOnlyForDeploymentPostprocessing = 0;
		};
/* End PBXFrameworksBuildPhase section */

/* Begin PBXGroup section */
		AA0004000000000000000001 /* ForgeSwift */ = {
			isa = PBXGroup;
			children = (
				1E4DF70C2F9FEC33004091AA /* ForgeSwift.entitlements */,
				B1A2C3DD2FAA000100000002 /* Forge-Info.plist */,
				AA0002000000000000000001 /* ForgeSwiftApp.swift */,
				AA0002000000000000000002 /* Theme.swift */,
				AA0002000000000000000003 /* Models.swift */,
				AA0002000000000000000004 /* AppStore.swift */,
				B1A2C3D32FAA000100000001 /* ForgePersistence.swift */,
				B1A2C3D52FAA000100000001 /* DataStatusBanner.swift */,
				B1A2C3D72FAA000100000002 /* IntegrationModels.swift */,
				B1A2C3D92FAA000100000002 /* DeviceConnectManager.swift */,
				B1A2C3DB2FAA000100000002 /* ConnectedDevicesSheet.swift */,
				5EAE4121ECA14B139B76210A /* ForgeRepository.swift */,
				ARIAHS0022FAA000100000001 /* HealthSyncCoordinator.swift */,
				ARIACE0022FAA000100000001 /* ConclusionsEngine.swift */,
				ECF1DD20A49A46198C376D8F /* ForgeAPIClient.swift */,
				FA1C55D909AC4D60BF6969D3 /* CognitoAuthManager.swift */,
				C0GN1T0K5UPP0RT000000002 /* CognitoTokenSupport.swift */,
				ED6B6344B1694DB7B524EFEC /* APIConfig.swift */,
				AA0002000000000000000005 /* ContentView.swift */,
				AA0002000000000000000006 /* OnboardingView.swift */,
				AA000200000000000000000E /* OnboardingCoordinator.swift */,
				AA0002000000000000000007 /* HomeView.swift */,
				AA0002000000000000000008 /* ChatView.swift */,
				AA0002000000000000000009 /* WorkoutView.swift */,
				AA000200000000000000000A /* SleepView.swift */,
				AA000200000000000000000B /* ProfileView.swift */,
				AA000200000000000000000C /* Assets.xcassets */,
				1ED842E22F90C15300693D3E /* LifestyleView.swift */,
				1E9C57112F915D9800F365E3 /* VoiceCoachManager.swift */,
				1E9C57132F915DB900F365E3 /* VoiceCoachViews.swift */,
				1E9C57152F91607F00F365E3 /* VoiceCoachIntegration.swift */,
				1E4DF70A2F9FAEEC004091AA /* MusicControllerFactory.swift */,
				1E4DF7152F9FF867004091AA /* HealthKitManager.swift */,
				1ELHR0022FAA000100000001 /* LiveHeartRateMonitor.swift */,
				1ESLP0022FAA000100000001 /* ForgeSleepProductManager.swift */,
				1EGAM0022FAA000100000001 /* ChatGamificationStore.swift */,
				WCH1002000000000000000010 /* ForgePhoneWatchConnectivity.swift */,
				1E4DF7172F9FF889004091AA /* OnboardingHealthKitViews.swift */,
				1E4DF7192F9FFA70004091AA /* OnboardingDataManager.swift */,
				1E4DF71B2F9FFAAA004091AA /* EnhancedDataConnectionView.swift */,
				1E4DF71D2F9FFAE1004091AA /* SmartProfileSetupView.swift */,
				1E4DF7232F9FFB29004091AA /* ColorExtensions.swift */,
				1E7A68E52FA2FD6500B0DD08 /* ForgeDesignSystem.swift */,
				1EFDH0022FAA000100000001 /* ForgeDateHelpers.swift */,
				1E7A68E72FA31E6E00B0DD08 /* View+ForgeCardShadow.swift */,
				1E0DCBA62FA476C600A9C6F3 /* AuroraOrbComponents.swift */,
				WGT1002000000000000000001 /* ForgeSharedData.swift */,
				WGT1002000000000000000002 /* ForgeEmptyState.swift */,
				WGT1002000000000000000003 /* ForgeActivityAttributes.swift */,
			);
			path = ForgeSwift;
			sourceTree = "<group>";
		};
		WGT1004000000000000000002 /* ForgeWidgetExtension */ = {
			isa = PBXGroup;
			children = (
				WGT1002000000000000000010 /* ForgeWidgets.swift */,
				WGT1002000000000000000011 /* ForgeWidgetShared.swift */,
				WGT1002000000000000000012 /* ForgeActivityAttributes.swift */,
				WGT1002000000000000000013 /* Info.plist */,
				WGT1002000000000000000014 /* ForgeWidgetExtension.entitlements */,
			);
			path = ForgeWidgetExtension;
			sourceTree = "<group>";
		};
		WCH1004000000000000000001 /* ForgeWatch */ = {
			isa = PBXGroup;
			children = (
				WCH1002000000000000000008 /* ForgeWatch.entitlements */,
				WCH1002000000000000000009 /* Info.plist */,
				WCH1002000000000000000001 /* ForgeWatchApp.swift */,
				WCH1002000000000000000002 /* ForgeWatchContentView.swift */,
				WCH1002000000000000000003 /* ForgeWatchWorkoutSessionManager.swift */,
				WCH1002000000000000000004 /* ForgeWatchConnectivityManager.swift */,
				WCH1002000000000000000006 /* Assets.xcassets */,
			);
			path = ForgeWatch;
			sourceTree = "<group>";
		};
		WCH1004000000000000000002 /* ForgeWatchShared */ = {
			isa = PBXGroup;
			children = (
				WCH1002000000000000000005 /* ForgeWatchVitalsBridge.swift */,
			);
			path = ForgeWatchShared;
			sourceTree = "<group>";
		};
		AA0004000000000000000002 /* Products */ = {
			isa = PBXGroup;
			children = (
				AA000200000000000000000D /* ForgeSwift.app */,
				WGT100200000000000000000D /* ForgeWidgetExtension.appex */,
				WCH1002000000000000000007 /* ForgeWatch.app */,
			);
			name = Products;
			sourceTree = "<group>";
		};
		AA0004000000000000000003 = {
			isa = PBXGroup;
			children = (
				C0NFIGGROUP000000000000001 /* Config */,
				AA0004000000000000000001 /* ForgeSwift */,
				WGT1004000000000000000002 /* ForgeWidgetExtension */,
				WCH1004000000000000000001 /* ForgeWatch */,
				WCH1004000000000000000002 /* ForgeWatchShared */,
				AA0004000000000000000002 /* Products */,
			);
			sourceTree = "<group>";
		};
		C0NFIGGROUP000000000000001 /* Config */ = {
			isa = PBXGroup;
			children = (
				C0NFIG01F0RGEDEBUG00000001 /* Forge-Debug.xcconfig */,
				C0NFIG01FORGERELEASE0000001 /* Forge-Release.xcconfig */,
			);
			path = Config;
			sourceTree = "<group>";
		};
/* End PBXGroup section */

/* Begin PBXNativeTarget section */
		AA0005000000000000000001 /* ForgeSwift */ = {
			isa = PBXNativeTarget;
			buildConfigurationList = AA0006000000000000000002 /* Build configuration list for PBXNativeTarget "ForgeSwift" */;
			buildPhases = (
				AA0007000000000000000001 /* Sources */,
				AA0003000000000000000001 /* Frameworks */,
				AA0007000000000000000002 /* Resources */,
				WGT1007000000000000000003 /* Embed Foundation Extensions */,
				WCH1007000000000000000004 /* Embed Watch Content */,
			);
			buildRules = (
			);
			dependencies = (
				WGT1009000000000000000001 /* PBXTargetDependency */,
				WCH1009000000000000000001 /* PBXTargetDependency */,
			);
			name = ForgeSwift;
			productName = ForgeSwift;
			productReference = AA000200000000000000000D /* ForgeSwift.app */;
			productType = "com.apple.product-type.application";
		};
		WGT1005000000000000000002 /* ForgeWidgetExtension */ = {
			isa = PBXNativeTarget;
			buildConfigurationList = WGT1006000000000000000003 /* Build configuration list for PBXNativeTarget "ForgeWidgetExtension" */;
			buildPhases = (
				WGT1007000000000000000002 /* Sources */,
				WGT1003000000000000000002 /* Frameworks */,
				WGT1007000000000000000004 /* Resources */,
			);
			buildRules = (
			);
			dependencies = (
			);
			name = ForgeWidgetExtension;
			productName = ForgeWidgetExtension;
			productReference = WGT100200000000000000000D /* ForgeWidgetExtension.appex */;
			productType = "com.apple.product-type.app-extension";
		};
		WCH1005000000000000000001 /* ForgeWatch */ = {
			isa = PBXNativeTarget;
			buildConfigurationList = WCH1006000000000000000001 /* Build configuration list for PBXNativeTarget "ForgeWatch" */;
			buildPhases = (
				WCH1007000000000000000001 /* Sources */,
				WCH1003000000000000000001 /* Frameworks */,
				WCH1007000000000000000003 /* Resources */,
			);
			buildRules = (
			);
			dependencies = (
			);
			name = ForgeWatch;
			productName = ForgeWatch;
			productReference = WCH1002000000000000000007 /* ForgeWatch.app */;
			productType = "com.apple.product-type.application";
		};
/* End PBXNativeTarget section */

/* Begin PBXProject section */
		AA0008000000000000000001 /* Project object */ = {
			isa = PBXProject;
			attributes = {
				BuildIndependentTargetsInParallel = 1;
				LastSwiftUpdateCheck = 1530;
				LastUpgradeCheck = 2650;
				TargetAttributes = {
					AA0005000000000000000001 = {
						CreatedOnToolsVersion = 15.3;
					};
					WGT1005000000000000000002 = {
						CreatedOnToolsVersion = 15.3;
					};
					WCH1005000000000000000001 = {
						CreatedOnToolsVersion = 15.3;
					};
				};
			};
			buildConfigurationList = AA0006000000000000000001 /* Build configuration list for PBXProject "ForgeSwift" */;
			compatibilityVersion = "Xcode 14.0";
			developmentRegion = en;
			hasScannedForEncodings = 0;
			knownRegions = (
				en,
				Base,
			);
			mainGroup = AA0004000000000000000003;
			productRefGroup = AA0004000000000000000002 /* Products */;
			projectDirPath = "";
			projectRoot = "";
			targets = (
				AA0005000000000000000001 /* ForgeSwift */,
				WGT1005000000000000000002 /* ForgeWidgetExtension */,
				WCH1005000000000000000001 /* ForgeWatch */,
			);
		};
/* End PBXProject section */

/* Begin PBXResourcesBuildPhase section */
		AA0007000000000000000002 /* Resources */ = {
			isa = PBXResourcesBuildPhase;
			buildActionMask = 2147483647;
			files = (
				AA000100000000000000000C /* Assets.xcassets in Resources */,
			);
			runOnlyForDeploymentPostprocessing = 0;
		};
		WGT1007000000000000000004 /* Resources */ = {
			isa = PBXResourcesBuildPhase;
			buildActionMask = 2147483647;
			files = (
			);
			runOnlyForDeploymentPostprocessing = 0;
		};
		WCH1007000000000000000003 /* Resources */ = {
			isa = PBXResourcesBuildPhase;
			buildActionMask = 2147483647;
			files = (
				WCH1001000000000000000006 /* Assets.xcassets in Resources */,
			);
			runOnlyForDeploymentPostprocessing = 0;
		};
/* End PBXResourcesBuildPhase section */

/* Begin PBXSourcesBuildPhase section */
		AA0007000000000000000001 /* Sources */ = {
			isa = PBXSourcesBuildPhase;
			buildActionMask = 2147483647;
			files = (
				1E9C57162F91607F00F365E3 /* VoiceCoachIntegration.swift in Sources */,
				AA0001000000000000000001 /* ForgeSwiftApp.swift in Sources */,
				1E7A68E82FA31E6E00B0DD08 /* View+ForgeCardShadow.swift in Sources */,
				AA0001000000000000000002 /* Theme.swift in Sources */,
				1E4DF7162F9FF867004091AA /* HealthKitManager.swift in Sources */,
				1ELHR0012FAA000100000001 /* LiveHeartRateMonitor.swift in Sources */,
				1ESLP0012FAA000100000001 /* ForgeSleepProductManager.swift in Sources */,
				1EGAM0012FAA000100000001 /* ChatGamificationStore.swift in Sources */,
				1E9C57142F915DB900F365E3 /* VoiceCoachViews.swift in Sources */,
				1E4DF71E2F9FFAE1004091AA /* SmartProfileSetupView.swift in Sources */,
				AA0001000000000000000003 /* Models.swift in Sources */,
				AA0001000000000000000004 /* AppStore.swift in Sources */,
				B1A2C3D42FAA000100000001 /* ForgePersistence.swift in Sources */,
				B1A2C3D62FAA000100000001 /* DataStatusBanner.swift in Sources */,
				B1A2C3D82FAA000100000002 /* IntegrationModels.swift in Sources */,
				B1A2C3DA2FAA000100000002 /* DeviceConnectManager.swift in Sources */,
				B1A2C3DC2FAA000100000002 /* ConnectedDevicesSheet.swift in Sources */,
				E48AF49526D542AAB9F538A3 /* ForgeRepository.swift in Sources */,
				ARIAHS0012FAA000100000001 /* HealthSyncCoordinator.swift in Sources */,
				ARIACE0012FAA000100000001 /* ConclusionsEngine.swift in Sources */,
				431257DB19094CB18CB7E678 /* ForgeAPIClient.swift in Sources */,
				6F602A203C4547B4B4CCBAE8 /* CognitoAuthManager.swift in Sources */,
				C0GN1T0K5UPP0RT000000001 /* CognitoTokenSupport.swift in Sources */,
				431C4CCF7EA64BD0B0A10886 /* APIConfig.swift in Sources */,
				1E4DF71A2F9FFA70004091AA /* OnboardingDataManager.swift in Sources */,
				AA0001000000000000000005 /* ContentView.swift in Sources */,
				AA0001000000000000000006 /* OnboardingView.swift in Sources */,
				AA000100000000000000000D /* OnboardingCoordinator.swift in Sources */,
				1E7A68E62FA2FD6600B0DD08 /* ForgeDesignSystem.swift in Sources */,
				1EFDH0012FAA000100000001 /* ForgeDateHelpers.swift in Sources */,
				1E4DF70B2F9FAEEC004091AA /* MusicControllerFactory.swift in Sources */,
				1E0DCBA72FA476C600A9C6F3 /* AuroraOrbComponents.swift in Sources */,
				1ED842E32F90C15300693D3E /* LifestyleView.swift in Sources */,
				1E9C57122F915D9800F365E3 /* VoiceCoachManager.swift in Sources */,
				AA0001000000000000000007 /* HomeView.swift in Sources */,
				AA0001000000000000000008 /* ChatView.swift in Sources */,
				1E4DF71C2F9FFAAA004091AA /* EnhancedDataConnectionView.swift in Sources */,
				1E4DF7182F9FF889004091AA /* OnboardingHealthKitViews.swift in Sources */,
				AA0001000000000000000009 /* WorkoutView.swift in Sources */,
				AA000100000000000000000A /* SleepView.swift in Sources */,
				AA000100000000000000000B /* ProfileView.swift in Sources */,
				1E4DF7242F9FFB29004091AA /* ColorExtensions.swift in Sources */,
				WGT1001000000000000000001 /* ForgeSharedData.swift in Sources */,
				WGT1001000000000000000002 /* ForgeEmptyState.swift in Sources */,
				WGT1001000000000000000003 /* ForgeActivityAttributes.swift in Sources */,
				WCH1001000000000000000010 /* ForgeWatchVitalsBridge.swift in Sources */,
				WCH1001000000000000000011 /* ForgePhoneWatchConnectivity.swift in Sources */,
			);
			runOnlyForDeploymentPostprocessing = 0;
		};
		WGT1007000000000000000002 /* Sources */ = {
			isa = PBXSourcesBuildPhase;
			buildActionMask = 2147483647;
			files = (
				WGT1001000000000000000010 /* ForgeWidgets.swift in Sources */,
				WGT1001000000000000000011 /* ForgeWidgetShared.swift in Sources */,
				WGT1001000000000000000012 /* ForgeActivityAttributes.swift in Sources */,
			);
			runOnlyForDeploymentPostprocessing = 0;
		};
		WCH1007000000000000000001 /* Sources */ = {
			isa = PBXSourcesBuildPhase;
			buildActionMask = 2147483647;
			files = (
				WCH1001000000000000000001 /* ForgeWatchApp.swift in Sources */,
				WCH1001000000000000000002 /* ForgeWatchContentView.swift in Sources */,
				WCH1001000000000000000003 /* ForgeWatchWorkoutSessionManager.swift in Sources */,
				WCH1001000000000000000004 /* ForgeWatchConnectivityManager.swift in Sources */,
				WCH1001000000000000000005 /* ForgeWatchVitalsBridge.swift in Sources */,
			);
			runOnlyForDeploymentPostprocessing = 0;
		};
/* End PBXSourcesBuildPhase section */

/* Begin PBXTargetDependency section */
		WGT1009000000000000000001 /* PBXTargetDependency */ = {
			isa = PBXTargetDependency;
			target = WGT1005000000000000000002 /* ForgeWidgetExtension */;
			targetProxy = WGT1009000000000000000002 /* PBXContainerItemProxy */;
		};
		WCH1009000000000000000001 /* PBXTargetDependency */ = {
			isa = PBXTargetDependency;
			target = WCH1005000000000000000001 /* ForgeWatch */;
			targetProxy = WCH1009000000000000000002 /* PBXContainerItemProxy */;
		};
/* End PBXTargetDependency section */

/* Begin PBXContainerItemProxy section */
		WGT1009000000000000000002 /* PBXContainerItemProxy */ = {
			isa = PBXContainerItemProxy;
			containerPortal = AA0008000000000000000001 /* Project object */;
			proxyType = 1;
			remoteGlobalIDString = WGT1005000000000000000002;
			remoteInfo = ForgeWidgetExtension;
		};
		WCH1009000000000000000002 /* PBXContainerItemProxy */ = {
			isa = PBXContainerItemProxy;
			containerPortal = AA0008000000000000000001 /* Project object */;
			proxyType = 1;
			remoteGlobalIDString = WCH1005000000000000000001;
			remoteInfo = ForgeWatch;
		};
/* End PBXContainerItemProxy section */

/* Begin XCBuildConfiguration section */
		AA0009000000000000000001 /* Debug */ = {
			isa = XCBuildConfiguration;
			buildSettings = {
				ALWAYS_SEARCH_USER_PATHS = NO;
				ASSETCATALOG_COMPILER_GENERATE_SWIFT_ASSET_SYMBOL_EXTENSIONS = YES;
				CLANG_ANALYZER_NONNULL = YES;
				CLANG_ANALYZER_NUMBER_OBJECT_CONVERSION = YES_AGGRESSIVE;
				CLANG_CXX_LANGUAGE_STANDARD = "gnu++20";
				CLANG_ENABLE_MODULES = YES;
				CLANG_ENABLE_OBJC_ARC = YES;
				CLANG_ENABLE_OBJC_WEAK = YES;
				CLANG_WARN_BLOCK_CAPTURE_AUTORELEASING = YES;
				CLANG_WARN_BOOL_CONVERSION = YES;
				CLANG_WARN_COMMA = YES;
				CLANG_WARN_CONSTANT_CONVERSION = YES;
				CLANG_WARN_DEPRECATED_OBJC_IMPLEMENTATIONS = YES;
				CLANG_WARN_DIRECT_OBJC_ISA_USAGE = YES_ERROR;
				CLANG_WARN_DOCUMENTATION_COMMENTS = YES;
				CLANG_WARN_EMPTY_BODY = YES;
				CLANG_WARN_ENUM_CONVERSION = YES;
				CLANG_WARN_INFINITE_RECURSION = YES;
				CLANG_WARN_INT_CONVERSION = YES;
				CLANG_WARN_NON_LITERAL_NULL_CONVERSION = YES;
				CLANG_WARN_OBJC_IMPLICIT_RETAIN_CYCLE = YES;
				CLANG_WARN_OBJC_IMPLICIT_RETAIN_SELF = YES;
				CLANG_WARN_OBJC_LITERAL_CONVERSION = YES;
				CLANG_WARN_OBJC_ROOT_CLASS = YES_ERROR;
				CLANG_WARN_QUOTED_INCLUDE_IN_FRAMEWORK_HEADER = YES;
				CLANG_WARN_RANGE_LOOP_ANALYSIS = YES;
				CLANG_WARN_STRICT_PROTOTYPES = YES;
				CLANG_WARN_SUSPICIOUS_MOVE = YES;
				CLANG_WARN_UNGUARDED_AVAILABILITY = YES_AGGRESSIVE;
				CLANG_WARN_UNREACHABLE_CODE = YES;
				CLANG_WARN__DUPLICATE_METHOD_MATCH = YES;
				COPY_PHASE_STRIP = NO;
				DEBUG_INFORMATION_FORMAT = dwarf;
				ENABLE_STRICT_OBJC_MSGSEND = YES;
				ENABLE_TESTABILITY = YES;
				ENABLE_USER_SCRIPT_SANDBOXING = YES;
				GCC_C_LANGUAGE_STANDARD = gnu17;
				GCC_DYNAMIC_NO_PIC = NO;
				GCC_NO_COMMON_BLOCKS = YES;
				GCC_OPTIMIZATION_LEVEL = 0;
				GCC_PREPROCESSOR_DEFINITIONS = (
					"DEBUG=1",
					"$(inherited)",
				);
				GCC_WARN_64_TO_32_BIT_CONVERSION = YES;
				GCC_WARN_ABOUT_RETURN_TYPE = YES_ERROR;
				GCC_WARN_UNDECLARED_SELECTOR = YES;
				GCC_WARN_UNINITIALIZED_AUTOS = YES_AGGRESSIVE;
				GCC_WARN_UNUSED_FUNCTION = YES;
				GCC_WARN_UNUSED_VARIABLE = YES;
				IPHONEOS_DEPLOYMENT_TARGET = 17.0;
				MTL_ENABLE_DEBUG_INFO = INCLUDE_SOURCE;
				MTL_FAST_MATH = YES;
				ONLY_ACTIVE_ARCH = YES;
				SDKROOT = iphoneos;
				STRING_CATALOG_GENERATE_SYMBOLS = YES;
				SWIFT_ACTIVE_COMPILATION_CONDITIONS = "DEBUG $(inherited)";
				SWIFT_OPTIMIZATION_LEVEL = "-Onone";
			};
			name = Debug;
		};
		AA0009000000000000000002 /* Release */ = {
			isa = XCBuildConfiguration;
			buildSettings = {
				ALWAYS_SEARCH_USER_PATHS = NO;
				ASSETCATALOG_COMPILER_GENERATE_SWIFT_ASSET_SYMBOL_EXTENSIONS = YES;
				CLANG_ANALYZER_NONNULL = YES;
				CLANG_ANALYZER_NUMBER_OBJECT_CONVERSION = YES_AGGRESSIVE;
				CLANG_CXX_LANGUAGE_STANDARD = "gnu++20";
				CLANG_ENABLE_MODULES = YES;
				CLANG_ENABLE_OBJC_ARC = YES;
				CLANG_ENABLE_OBJC_WEAK = YES;
				CLANG_WARN_BLOCK_CAPTURE_AUTORELEASING = YES;
				CLANG_WARN_BOOL_CONVERSION = YES;
				CLANG_WARN_COMMA = YES;
				CLANG_WARN_CONSTANT_CONVERSION = YES;
				CLANG_WARN_DEPRECATED_OBJC_IMPLEMENTATIONS = YES;
				CLANG_WARN_DIRECT_OBJC_ISA_USAGE = YES_ERROR;
				CLANG_WARN_DOCUMENTATION_COMMENTS = YES;
				CLANG_WARN_EMPTY_BODY = YES;
				CLANG_WARN_ENUM_CONVERSION = YES;
				CLANG_WARN_INFINITE_RECURSION = YES;
				CLANG_WARN_INT_CONVERSION = YES;
				CLANG_WARN_NON_LITERAL_NULL_CONVERSION = YES;
				CLANG_WARN_OBJC_IMPLICIT_RETAIN_CYCLE = YES;
				CLANG_WARN_OBJC_IMPLICIT_RETAIN_SELF = YES;
				CLANG_WARN_OBJC_LITERAL_CONVERSION = YES;
				CLANG_WARN_OBJC_ROOT_CLASS = YES_ERROR;
				CLANG_WARN_QUOTED_INCLUDE_IN_FRAMEWORK_HEADER = YES;
				CLANG_WARN_RANGE_LOOP_ANALYSIS = YES;
				CLANG_WARN_STRICT_PROTOTYPES = YES;
				CLANG_WARN_SUSPICIOUS_MOVE = YES;
				CLANG_WARN_UNGUARDED_AVAILABILITY = YES_AGGRESSIVE;
				CLANG_WARN_UNREACHABLE_CODE = YES;
				CLANG_WARN__DUPLICATE_METHOD_MATCH = YES;
				COPY_PHASE_STRIP = NO;
				DEBUG_INFORMATION_FORMAT = "dwarf-with-dsym";
				ENABLE_NS_ASSERTIONS = NO;
				ENABLE_STRICT_OBJC_MSGSEND = YES;
				ENABLE_USER_SCRIPT_SANDBOXING = YES;
				GCC_C_LANGUAGE_STANDARD = gnu17;
				GCC_NO_COMMON_BLOCKS = YES;
				GCC_WARN_64_TO_32_BIT_CONVERSION = YES;
				GCC_WARN_ABOUT_RETURN_TYPE = YES_ERROR;
				GCC_WARN_UNDECLARED_SELECTOR = YES;
				GCC_WARN_UNINITIALIZED_AUTOS = YES_AGGRESSIVE;
				GCC_WARN_UNUSED_FUNCTION = YES;
				GCC_WARN_UNUSED_VARIABLE = YES;
				IPHONEOS_DEPLOYMENT_TARGET = 17.0;
				MTL_FAST_MATH = YES;
				ONLY_ACTIVE_ARCH = YES;
				SDKROOT = iphoneos;
				STRING_CATALOG_GENERATE_SYMBOLS = YES;
				SWIFT_COMPILATION_MODE = wholemodule;
				VALIDATE_PRODUCT = YES;
			};
			name = Release;
		};
		AA0009000000000000000003 /* Debug */ = {
			isa = XCBuildConfiguration;
			baseConfigurationReference = C0NFIG01F0RGEDEBUG00000001 /* Forge-Debug.xcconfig */;
			buildSettings = {
				ASSETCATALOG_COMPILER_APPICON_NAME = AppIcon;
				ASSETCATALOG_COMPILER_GLOBAL_ACCENT_COLOR_NAME = AccentColor;
				CODE_SIGN_ENTITLEMENTS = ForgeSwift/ForgeSwift.entitlements;
				CODE_SIGN_STYLE = Automatic;
				CURRENT_PROJECT_VERSION = 1;
				DEVELOPMENT_ASSET_PATHS = "";
				ENABLE_PREVIEWS = YES;
				GENERATE_INFOPLIST_FILE = NO;
				INFOPLIST_FILE = ForgeSwift/Forge-Info.plist;
				INFOPLIST_KEY_CFBundleDisplayName = Forge;
				INFOPLIST_KEY_NSAppleMusicUsageDescription = "This allows users to access the vast libraries of Apple Music ";
				INFOPLIST_KEY_NSHealthShareUsageDescription = "Forge reads your steps, sleep, heart rate, and workouts to personalize training and recovery recommendations.";
				INFOPLIST_KEY_NSHealthUpdateUsageDescription = "Forge can log workouts and nutrition to Apple Health so your fitness data stays in one place.";
				INFOPLIST_KEY_NSLocalNetworkUsageDescription = "Forge connects to the local development API on your Mac while you are testing the app.";
				INFOPLIST_KEY_NSMicrophoneUsageDescription = "Forge uses your microphone for hands-free voice coaching during workouts.";
				INFOPLIST_KEY_NSSpeechRecognitionUsageDescription = "Forge uses speech recognition so you can talk to your AI coach without touching your phone.";
				INFOPLIST_KEY_NSSupportsLiveActivities = YES;
				INFOPLIST_KEY_UIApplicationSceneManifest_Generation = YES;
				INFOPLIST_KEY_UIApplicationSupportsIndirectInputEvents = YES;
				INFOPLIST_KEY_UILaunchScreen_Generation = YES;
				INFOPLIST_KEY_UIStatusBarHidden = YES;
				INFOPLIST_KEY_UIStatusBarStyle = UIStatusBarStyleDarkContent;
				INFOPLIST_KEY_UISupportedInterfaceOrientations = "UIInterfaceOrientationLandscapeLeft UIInterfaceOrientationLandscapeRight UIInterfaceOrientationPortrait UIInterfaceOrientationPortraitUpsideDown";
				IPHONEOS_DEPLOYMENT_TARGET = 17.0;
				LD_RUNPATH_SEARCH_PATHS = (
					"$(inherited)",
					"@executable_path/Frameworks",
				);
				MARKETING_VERSION = 1.0;
				PRODUCT_BUNDLE_IDENTIFIER = com.forge.ForgeSwift;
				PRODUCT_NAME = "$(TARGET_NAME)";
				SDKROOT = iphoneos;
				SUPPORTS_MAC_DESIGNED_FOR_IPHONE_IPAD = NO;
				SWIFT_EMIT_LOC_STRINGS = YES;
				SWIFT_VERSION = 5.0;
				TARGETED_DEVICE_FAMILY = "1,2";
			};
			name = Debug;
		};
		AA0009000000000000000004 /* Release */ = {
			isa = XCBuildConfiguration;
			baseConfigurationReference = C0NFIG01FORGERELEASE0000001 /* Forge-Release.xcconfig */;
			buildSettings = {
				ASSETCATALOG_COMPILER_APPICON_NAME = AppIcon;
				ASSETCATALOG_COMPILER_GLOBAL_ACCENT_COLOR_NAME = AccentColor;
				CODE_SIGN_ENTITLEMENTS = ForgeSwift/ForgeSwift.entitlements;
				CODE_SIGN_STYLE = Automatic;
				CURRENT_PROJECT_VERSION = 1;
				DEVELOPMENT_ASSET_PATHS = "";
				ENABLE_PREVIEWS = YES;
				GENERATE_INFOPLIST_FILE = NO;
				INFOPLIST_FILE = ForgeSwift/Forge-Info.plist;
				INFOPLIST_KEY_CFBundleDisplayName = Forge;
				INFOPLIST_KEY_NSAppleMusicUsageDescription = "This allows users to access the vast libraries of Apple Music ";
				INFOPLIST_KEY_NSHealthShareUsageDescription = "Forge reads your steps, sleep, heart rate, and workouts to personalize training and recovery recommendations.";
				INFOPLIST_KEY_NSHealthUpdateUsageDescription = "Forge can log workouts and nutrition to Apple Health so your fitness data stays in one place.";
				INFOPLIST_KEY_NSLocalNetworkUsageDescription = "Forge connects to the local development API on your Mac while you are testing the app.";
				INFOPLIST_KEY_NSMicrophoneUsageDescription = "Forge uses your microphone for hands-free voice coaching during workouts.";
				INFOPLIST_KEY_NSSpeechRecognitionUsageDescription = "Forge uses speech recognition so you can talk to your AI coach without touching your phone.";
				INFOPLIST_KEY_NSSupportsLiveActivities = YES;
				INFOPLIST_KEY_UIApplicationSceneManifest_Generation = YES;
				INFOPLIST_KEY_UIApplicationSupportsIndirectInputEvents = YES;
				INFOPLIST_KEY_UILaunchScreen_Generation = YES;
				INFOPLIST_KEY_UIStatusBarHidden = YES;
				INFOPLIST_KEY_UIStatusBarStyle = UIStatusBarStyleDarkContent;
				INFOPLIST_KEY_UISupportedInterfaceOrientations = "UIInterfaceOrientationLandscapeLeft UIInterfaceOrientationLandscapeRight UIInterfaceOrientationPortrait UIInterfaceOrientationPortraitUpsideDown";
				IPHONEOS_DEPLOYMENT_TARGET = 17.0;
				LD_RUNPATH_SEARCH_PATHS = (
					"$(inherited)",
					"@executable_path/Frameworks",
				);
				MARKETING_VERSION = 1.0;
				PRODUCT_BUNDLE_IDENTIFIER = com.forge.ForgeSwift;
				PRODUCT_NAME = "$(TARGET_NAME)";
				SDKROOT = iphoneos;
				SUPPORTS_MAC_DESIGNED_FOR_IPHONE_IPAD = NO;
				SWIFT_EMIT_LOC_STRINGS = YES;
				SWIFT_VERSION = 5.0;
				TARGETED_DEVICE_FAMILY = "1,2";
			};
			name = Release;
		};
		WGT1009000000000000000003 /* Debug */ = {
			isa = XCBuildConfiguration;
			buildSettings = {
				CODE_SIGN_ENTITLEMENTS = ForgeWidgetExtension/ForgeWidgetExtension.entitlements;
				CODE_SIGN_STYLE = Automatic;
				CURRENT_PROJECT_VERSION = 1;
				GENERATE_INFOPLIST_FILE = NO;
				INFOPLIST_FILE = ForgeWidgetExtension/Info.plist;
				IPHONEOS_DEPLOYMENT_TARGET = 17.0;
				LD_RUNPATH_SEARCH_PATHS = (
					"$(inherited)",
					"@executable_path/Frameworks",
					"@executable_path/../../Frameworks",
				);
				MARKETING_VERSION = 1.0;
				PRODUCT_BUNDLE_IDENTIFIER = com.forge.ForgeSwift.widgets;
				PRODUCT_NAME = "$(TARGET_NAME)";
				SDKROOT = iphoneos;
				SKIP_INSTALL = YES;
				SWIFT_EMIT_LOC_STRINGS = YES;
				SWIFT_VERSION = 5.0;
				TARGETED_DEVICE_FAMILY = "1,2";
			};
			name = Debug;
		};
		WGT1009000000000000000004 /* Release */ = {
			isa = XCBuildConfiguration;
			buildSettings = {
				CODE_SIGN_ENTITLEMENTS = ForgeWidgetExtension/ForgeWidgetExtension.entitlements;
				CODE_SIGN_STYLE = Automatic;
				CURRENT_PROJECT_VERSION = 1;
				GENERATE_INFOPLIST_FILE = NO;
				INFOPLIST_FILE = ForgeWidgetExtension/Info.plist;
				IPHONEOS_DEPLOYMENT_TARGET = 17.0;
				LD_RUNPATH_SEARCH_PATHS = (
					"$(inherited)",
					"@executable_path/Frameworks",
					"@executable_path/../../Frameworks",
				);
				MARKETING_VERSION = 1.0;
				PRODUCT_BUNDLE_IDENTIFIER = com.forge.ForgeSwift.widgets;
				PRODUCT_NAME = "$(TARGET_NAME)";
				SDKROOT = iphoneos;
				SKIP_INSTALL = YES;
				SWIFT_EMIT_LOC_STRINGS = YES;
				SWIFT_VERSION = 5.0;
				TARGETED_DEVICE_FAMILY = "1,2";
			};
			name = Release;
		};
		WCH1009000000000000000003 /* Debug */ = {
			isa = XCBuildConfiguration;
			buildSettings = {
				CODE_SIGN_ENTITLEMENTS = ForgeWatch/ForgeWatch.entitlements;
				CODE_SIGN_STYLE = Automatic;
				CURRENT_PROJECT_VERSION = 1;
				DEVELOPMENT_ASSET_PATHS = "";
				ENABLE_PREVIEWS = YES;
				GENERATE_INFOPLIST_FILE = NO;
				INFOPLIST_FILE = ForgeWatch/Info.plist;
				INFOPLIST_KEY_CFBundleDisplayName = Forge;
				INFOPLIST_KEY_NSHealthShareUsageDescription = "Forge on Apple Watch reads heart rate and blood oxygen during workouts for live coaching on your iPhone.";
				INFOPLIST_KEY_NSHealthUpdateUsageDescription = "Forge logs strength workouts from Apple Watch to Health.";
				INFOPLIST_KEY_WKCompanionAppBundleIdentifier = com.forge.ForgeSwift;
				LD_RUNPATH_SEARCH_PATHS = (
					"$(inherited)",
					"@executable_path/Frameworks",
				);
				MARKETING_VERSION = 1.0;
				PRODUCT_BUNDLE_IDENTIFIER = com.forge.ForgeSwift.watchkitapp;
				PRODUCT_NAME = "$(TARGET_NAME)";
				SDKROOT = watchos;
				SKIP_INSTALL = YES;
				SWIFT_EMIT_LOC_STRINGS = YES;
				SWIFT_VERSION = 5.0;
				TARGETED_DEVICE_FAMILY = 4;
				WATCHOS_DEPLOYMENT_TARGET = 10.0;
			};
			name = Debug;
		};
		WCH1009000000000000000004 /* Release */ = {
			isa = XCBuildConfiguration;
			buildSettings = {
				CODE_SIGN_ENTITLEMENTS = ForgeWatch/ForgeWatch.entitlements;
				CODE_SIGN_STYLE = Automatic;
				CURRENT_PROJECT_VERSION = 1;
				DEVELOPMENT_ASSET_PATHS = "";
				ENABLE_PREVIEWS = YES;
				GENERATE_INFOPLIST_FILE = NO;
				INFOPLIST_FILE = ForgeWatch/Info.plist;
				INFOPLIST_KEY_CFBundleDisplayName = Forge;
				INFOPLIST_KEY_NSHealthShareUsageDescription = "Forge on Apple Watch reads heart rate and blood oxygen during workouts for live coaching on your iPhone.";
				INFOPLIST_KEY_NSHealthUpdateUsageDescription = "Forge logs strength workouts from Apple Watch to Health.";
				INFOPLIST_KEY_WKCompanionAppBundleIdentifier = com.forge.ForgeSwift;
				LD_RUNPATH_SEARCH_PATHS = (
					"$(inherited)",
					"@executable_path/Frameworks",
				);
				MARKETING_VERSION = 1.0;
				PRODUCT_BUNDLE_IDENTIFIER = com.forge.ForgeSwift.watchkitapp;
				PRODUCT_NAME = "$(TARGET_NAME)";
				SDKROOT = watchos;
				SKIP_INSTALL = YES;
				SWIFT_EMIT_LOC_STRINGS = YES;
				SWIFT_VERSION = 5.0;
				TARGETED_DEVICE_FAMILY = 4;
				WATCHOS_DEPLOYMENT_TARGET = 10.0;
			};
			name = Release;
		};
/* End XCBuildConfiguration section */

/* Begin XCConfigurationList section */
		AA0006000000000000000001 /* Build configuration list for PBXProject "ForgeSwift" */ = {
			isa = XCConfigurationList;
			buildConfigurations = (
				AA0009000000000000000001 /* Debug */,
				AA0009000000000000000002 /* Release */,
			);
			defaultConfigurationIsVisible = 0;
			defaultConfigurationName = Release;
		};
		AA0006000000000000000002 /* Build configuration list for PBXNativeTarget "ForgeSwift" */ = {
			isa = XCConfigurationList;
			buildConfigurations = (
				AA0009000000000000000003 /* Debug */,
				AA0009000000000000000004 /* Release */,
			);
			defaultConfigurationIsVisible = 0;
			defaultConfigurationName = Release;
		};
		WGT1006000000000000000003 /* Build configuration list for PBXNativeTarget "ForgeWidgetExtension" */ = {
			isa = XCConfigurationList;
			buildConfigurations = (
				WGT1009000000000000000003 /* Debug */,
				WGT1009000000000000000004 /* Release */,
			);
			defaultConfigurationIsVisible = 0;
			defaultConfigurationName = Release;
		};
		WCH1006000000000000000001 /* Build configuration list for PBXNativeTarget "ForgeWatch" */ = {
			isa = XCConfigurationList;
			buildConfigurations = (
				WCH1009000000000000000003 /* Debug */,
				WCH1009000000000000000004 /* Release */,
			);
			defaultConfigurationIsVisible = 0;
			defaultConfigurationName = Release;
		};
/* End XCConfigurationList section */
	};
	rootObject = AA0008000000000000000001 /* Project object */;
}
